// !$*UTF8*$!
{
	archiveVersion = 1;
	classes = {
	};
	objectVersion = 46;
	objects = {

/* Begin PBXBuildFile section */
		9402348F1B3AEDCC00BAA390 /* IDNFileCache.m in Sources */ = {isa = PBXBuildFile; fileRef = 9402348E1B3AEDCC00BAA390 /* IDNFileCache.m */; };
		94255A101B2D11540057B0E1 /* IDNActivityIndicator.m in Sources */ = {isa = PBXBuildFile; fileRef = 94255A051B2D11540057B0E1 /* IDNActivityIndicator.m */; };
		94255A111B2D11540057B0E1 /* IDNInputHelperView.m in Sources */ = {isa = PBXBuildFile; fileRef = 94255A071B2D11540057B0E1 /* IDNInputHelperView.m */; };
		94255A121B2D11540057B0E1 /* IDNProgressView.m in Sources */ = {isa = PBXBuildFile; fileRef = 94255A091B2D11540057B0E1 /* IDNProgressView.m */; };
		94255A131B2D11540057B0E1 /* IDNScanCodeView.m in Sources */ = {isa = PBXBuildFile; fileRef = 94255A0B1B2D11540057B0E1 /* IDNScanCodeView.m */; };
		94255A141B2D11540057B0E1 /* IDNTopTabController.m in Sources */ = {isa = PBXBuildFile; fileRef = 94255A0D1B2D11540057B0E1 /* IDNTopTabController.m */; };
		94255A151B2D11540057B0E1 /* UIView+IDNKeyboard.m in Sources */ = {isa = PBXBuildFile; fileRef = 94255A0F1B2D11540057B0E1 /* UIView+IDNKeyboard.m */; };
		94255A191B2D55550057B0E1 /* CommentCell.m in Sources */ = {isa = PBXBuildFile; fileRef = 94255A171B2D55550057B0E1 /* CommentCell.m */; };
		94255A1A1B2D55550057B0E1 /* CommentCell.xib in Resources */ = {isa = PBXBuildFile; fileRef = 94255A181B2D55550057B0E1 /* CommentCell.xib */; };
		949994401B085AA3000FCB1C /* ArticlesController.m in Sources */ = {isa = PBXBuildFile; fileRef = 9499943B1B085AA3000FCB1C /* ArticlesController.m */; };
		9499945C1B085ACE000FCB1C /* NSData+IDNExtend.m in Sources */ = {isa = PBXBuildFile; fileRef = 949994471B085ACD000FCB1C /* NSData+IDNExtend.m */; };
		9499945D1B085ACE000FCB1C /* NSDate+IDNExtend.m in Sources */ = {isa = PBXBuildFile; fileRef = 949994491B085ACD000FCB1C /* NSDate+IDNExtend.m */; };
		9499945E1B085ACE000FCB1C /* NSFileManager+IDNExtend.m in Sources */ = {isa = PBXBuildFile; fileRef = 9499944B1B085ACE000FCB1C /* NSFileManager+IDNExtend.m */; };
		9499945F1B085ACE000FCB1C /* NSPointerArray+IDNExtend.m in Sources */ = {isa = PBXBuildFile; fileRef = 9499944D1B085ACE000FCB1C /* NSPointerArray+IDNExtend.m */; };
		949994601B085ACE000FCB1C /* NSString+IDNExtend.m in Sources */ = {isa = PBXBuildFile; fileRef = 9499944F1B085ACE000FCB1C /* NSString+IDNExtend.m */; };
		949994611B085ACE000FCB1C /* IDNImagePickerController.m in Sources */ = {isa = PBXBuildFile; fileRef = 949994521B085ACE000FCB1C /* IDNImagePickerController.m */; };
		949994621B085ACE000FCB1C /* IDNRefreshControl.m in Sources */ = {isa = PBXBuildFile; fileRef = 949994541B085ACE000FCB1C /* IDNRefreshControl.m */; };
		949994631B085ACE000FCB1C /* UIBezierPath+IDNExtend.m in Sources */ = {isa = PBXBuildFile; fileRef = 949994561B085ACE000FCB1C /* UIBezierPath+IDNExtend.m */; };
		949994641B085ACE000FCB1C /* UIImage+IDNExtend.m in Sources */ = {isa = PBXBuildFile; fileRef = 949994581B085ACE000FCB1C /* UIImage+IDNExtend.m */; };
		949994651B085ACE000FCB1C /* UIViewController+IDNPrompt.m in Sources */ = {isa = PBXBuildFile; fileRef = 9499945A1B085ACE000FCB1C /* UIViewController+IDNPrompt.m */; };
		949994681B0861A9000FCB1C /* WebViewController.m in Sources */ = {isa = PBXBuildFile; fileRef = 949994671B0861A9000FCB1C /* WebViewController.m */; };
		9499946B1B086D00000FCB1C /* IDNAsyncTask.m in Sources */ = {isa = PBXBuildFile; fileRef = 9499946A1B086D00000FCB1C /* IDNAsyncTask.m */; };
		94C936361B3E9D4000CB072A /* GTMNSString+HTML.m in Sources */ = {isa = PBXBuildFile; fileRef = 94C9362F1B3E9D4000CB072A /* GTMNSString+HTML.m */; };
		94C936371B3E9D4000CB072A /* IDNFeedParser.m in Sources */ = {isa = PBXBuildFile; fileRef = 94C936311B3E9D4000CB072A /* IDNFeedParser.m */; };
		94C936381B3E9D4000CB072A /* NSDate+InternetDateTime.m in Sources */ = {isa = PBXBuildFile; fileRef = 94C936331B3E9D4000CB072A /* NSDate+InternetDateTime.m */; };
		94C936391B3E9D4000CB072A /* NSString+HTML.m in Sources */ = {isa = PBXBuildFile; fileRef = 94C936351B3E9D4000CB072A /* NSString+HTML.m */; };
		94C936721B3EA8CC00CB072A /* Security.framework in Frameworks */ = {isa = PBXBuildFile; fileRef = 94C936711B3EA8CC00CB072A /* Security.framework */; };
		94C936741B3EA8D700CB072A /* libiconv.dylib in Frameworks */ = {isa = PBXBuildFile; fileRef = 94C936731B3EA8D700CB072A /* libiconv.dylib */; };
		94C936761B3EA8E000CB072A /* SystemConfiguration.framework in Frameworks */ = {isa = PBXBuildFile; fileRef = 94C936751B3EA8E000CB072A /* SystemConfiguration.framework */; };
		94C936781B3EA8E900CB072A /* CoreGraphics.framework in Frameworks */ = {isa = PBXBuildFile; fileRef = 94C936771B3EA8E900CB072A /* CoreGraphics.framework */; };
		94C9367A1B3EA8FA00CB072A /* libsqlite3.dylib in Frameworks */ = {isa = PBXBuildFile; fileRef = 94C936791B3EA8FA00CB072A /* libsqlite3.dylib */; };
		94C9367C1B3EA90300CB072A /* CoreTelephony.framework in Frameworks */ = {isa = PBXBuildFile; fileRef = 94C9367B1B3EA90300CB072A /* CoreTelephony.framework */; };
		94C9367E1B3EA90E00CB072A /* libstdc++.dylib in Frameworks */ = {isa = PBXBuildFile; fileRef = 94C9367D1B3EA90E00CB072A /* libstdc++.dylib */; };
		94C936801B3EA91700CB072A /* libz.dylib in Frameworks */ = {isa = PBXBuildFile; fileRef = 94C9367F1B3EA91700CB072A /* libz.dylib */; };
		94C936C01B3EE56B00CB072A /* UMSocialLocalizable.strings in Resources */ = {isa = PBXBuildFile; fileRef = 94C936851B3EE56B00CB072A /* UMSocialLocalizable.strings */; };
		94C936C11B3EE56B00CB072A /* libUMSocial_Sdk_4.2.3.a in Frameworks */ = {isa = PBXBuildFile; fileRef = 94C936931B3EE56B00CB072A /* libUMSocial_Sdk_4.2.3.a */; };
		94C936C21B3EE56B00CB072A /* UMSCommentDetailController.xib in Resources */ = {isa = PBXBuildFile; fileRef = 94C936951B3EE56B00CB072A /* UMSCommentDetailController.xib */; };
		94C936C31B3EE56B00CB072A /* UMSCommentInputController.xib in Resources */ = {isa = PBXBuildFile; fileRef = 94C936961B3EE56B00CB072A /* UMSCommentInputController.xib */; };
		94C936C41B3EE56B00CB072A /* UMSCommentInputControlleriPad.xib in Resources */ = {isa = PBXBuildFile; fileRef = 94C936971B3EE56B00CB072A /* UMSCommentInputControlleriPad.xib */; };
		94C936C51B3EE56B00CB072A /* UMShareEditViewController.xib in Resources */ = {isa = PBXBuildFile; fileRef = 94C936981B3EE56B00CB072A /* UMShareEditViewController.xib */; };
		94C936C61B3EE56B00CB072A /* UMShareEditViewControlleriPad.xib in Resources */ = {isa = PBXBuildFile; fileRef = 94C936991B3EE56B00CB072A /* UMShareEditViewControlleriPad.xib */; };
		94C936C71B3EE56B00CB072A /* UMSLoginViewController.xib in Resources */ = {isa = PBXBuildFile; fileRef = 94C9369A1B3EE56B00CB072A /* UMSLoginViewController.xib */; };
		94C936C81B3EE56B00CB072A /* UMSnsAccountViewController.xib in Resources */ = {isa = PBXBuildFile; fileRef = 94C9369B1B3EE56B00CB072A /* UMSnsAccountViewController.xib */; };
		94C936C91B3EE56B00CB072A /* UMSShareListController.xib in Resources */ = {isa = PBXBuildFile; fileRef = 94C9369C1B3EE56B00CB072A /* UMSShareListController.xib */; };
		94C936CA1B3EE56B00CB072A /* UMSocialSDKResourcesNew.bundle in Resources */ = {isa = PBXBuildFile; fileRef = 94C9369D1B3EE56B00CB072A /* UMSocialSDKResourcesNew.bundle */; };
		94C936CB1B3EE56B00CB072A /* libSocialInstagram.a in Frameworks */ = {isa = PBXBuildFile; fileRef = 94C936A11B3EE56B00CB072A /* libSocialInstagram.a */; };
		94C936CC1B3EE56B00CB072A /* libSocialLaiWang.a in Frameworks */ = {isa = PBXBuildFile; fileRef = 94C936A41B3EE56B00CB072A /* libSocialLaiWang.a */; };
		94C936CD1B3EE56B00CB072A /* libSocialLine.a in Frameworks */ = {isa = PBXBuildFile; fileRef = 94C936A71B3EE56B00CB072A /* libSocialLine.a */; };
		94C936CE1B3EE56B00CB072A /* libSocialQQ.a in Frameworks */ = {isa = PBXBuildFile; fileRef = 94C936AA1B3EE56B00CB072A /* libSocialQQ.a */; };
		94C936CF1B3EE56C00CB072A /* TencentOpenAPI.framework in Frameworks */ = {isa = PBXBuildFile; fileRef = 94C936AB1B3EE56B00CB072A /* TencentOpenAPI.framework */; };
		94C936D01B3EE56C00CB072A /* TencentOpenApi_IOS_Bundle.bundle in Resources */ = {isa = PBXBuildFile; fileRef = 94C936AC1B3EE56B00CB072A /* TencentOpenApi_IOS_Bundle.bundle */; };
		94C936D11B3EE56C00CB072A /* libSocialTumblr.a in Frameworks */ = {isa = PBXBuildFile; fileRef = 94C936AF1B3EE56B00CB072A /* libSocialTumblr.a */; };
		94C936D21B3EE56C00CB072A /* libSocialWechat.a in Frameworks */ = {isa = PBXBuildFile; fileRef = 94C936B21B3EE56B00CB072A /* libSocialWechat.a */; };
		94C936D31B3EE56C00CB072A /* libWeChatSDK.a in Frameworks */ = {isa = PBXBuildFile; fileRef = 94C936B31B3EE56B00CB072A /* libWeChatSDK.a */; };
		94C936D41B3EE56C00CB072A /* libSocialWhatsapp.a in Frameworks */ = {isa = PBXBuildFile; fileRef = 94C936B81B3EE56B00CB072A /* libSocialWhatsapp.a */; };
		94C936D51B3EE56C00CB072A /* libSocialYiXin.a in Frameworks */ = {isa = PBXBuildFile; fileRef = 94C936BB1B3EE56B00CB072A /* libSocialYiXin.a */; };
		94C936D61B3EE56C00CB072A /* libYixinSDK_V2.2.a in Frameworks */ = {isa = PBXBuildFile; fileRef = 94C936BC1B3EE56B00CB072A /* libYixinSDK_V2.2.a */; };
		94D267561B0824F100F696B3 /* main.m in Sources */ = {isa = PBXBuildFile; fileRef = 94D267551B0824F100F696B3 /* main.m */; };
		94D267591B0824F100F696B3 /* AppDelegate.m in Sources */ = {isa = PBXBuildFile; fileRef = 94D267581B0824F100F696B3 /* AppDelegate.m */; };
		94D267611B0824F100F696B3 /* Images.xcassets in Resources */ = {isa = PBXBuildFile; fileRef = 94D267601B0824F100F696B3 /* Images.xcassets */; };
		94D267641B0824F100F696B3 /* LaunchScreen.xib in Resources */ = {isa = PBXBuildFile; fileRef = 94D267621B0824F100F696B3 /* LaunchScreen.xib */; };
		94D267701B0824F100F696B3 /* IDNRssReaderTests.m in Sources */ = {isa = PBXBuildFile; fileRef = 94D2676F1B0824F100F696B3 /* IDNRssReaderTests.m */; };
		94D2D6421B11691100432BCC /* MyModels.m in Sources */ = {isa = PBXBuildFile; fileRef = 94D2D6411B11691100432BCC /* MyModels.m */; };
		94D2D6451B1169F000432BCC /* RssManage.m in Sources */ = {isa = PBXBuildFile; fileRef = 94D2D6441B1169F000432BCC /* RssManage.m */; };
		94D2D6481B11713600432BCC /* RSSsController.m in Sources */ = {isa = PBXBuildFile; fileRef = 94D2D6471B11713600432BCC /* RSSsController.m */; };
		94D4A0A01B1A9DBF00F2230E /* CommentInfo.m in Sources */ = {isa = PBXBuildFile; fileRef = 94D4A09F1B1A9DBF00F2230E /* CommentInfo.m */; };
		94D4A0AC1B1AA0F300F2230E /* IDNNetwork.m in Sources */ = {isa = PBXBuildFile; fileRef = 94D4A0A51B1AA0F300F2230E /* IDNNetwork.m */; };
		94D4A0AD1B1AA0F300F2230E /* NSDictionary+IDNExtend.m in Sources */ = {isa = PBXBuildFile; fileRef = 94D4A0A71B1AA0F300F2230E /* NSDictionary+IDNExtend.m */; };
		94D4A0AE1B1AA0F300F2230E /* NSError+IDNExtend.m in Sources */ = {isa = PBXBuildFile; fileRef = 94D4A0A91B1AA0F300F2230E /* NSError+IDNExtend.m */; };
		94D4A0AF1B1AA0F300F2230E /* Reachability.m in Sources */ = {isa = PBXBuildFile; fileRef = 94D4A0AB1B1AA0F300F2230E /* Reachability.m */; };
		94D4A0CB1B1AA10300F2230E /* IDNFrameView.m in Sources */ = {isa = PBXBuildFile; fileRef = 94D4A0B11B1AA10300F2230E /* IDNFrameView.m */; };
		94D4A0CC1B1AA10300F2230E /* IDNGradientView.m in Sources */ = {isa = PBXBuildFile; fileRef = 94D4A0B31B1AA10300F2230E /* IDNGradientView.m */; };
		94D4A0CD1B1AA10300F2230E /* IDNMainController.m in Sources */ = {isa = PBXBuildFile; fileRef = 94D4A0B61B1AA10300F2230E /* IDNMainController.m */; };
		94D4A0CE1B1AA10300F2230E /* IDNSearchBar.m in Sources */ = {isa = PBXBuildFile; fileRef = 94D4A0B81B1AA10300F2230E /* IDNSearchBar.m */; };
		94D4A0CF1B1AA10300F2230E /* IDNSideMenuController.m in Sources */ = {isa = PBXBuildFile; fileRef = 94D4A0BA1B1AA10300F2230E /* IDNSideMenuController.m */; };
		94D4A0D01B1AA10300F2230E /* IDNSplitMainController.m in Sources */ = {isa = PBXBuildFile; fileRef = 94D4A0BC1B1AA10300F2230E /* IDNSplitMainController.m */; };
		94D4A0D11B1AA10300F2230E /* IDNViewControllerAnimatedTransitioningLeftRight.m in Sources */ = {isa = PBXBuildFile; fileRef = 94D4A0BE1B1AA10300F2230E /* IDNViewControllerAnimatedTransitioningLeftRight.m */; };
		94D4A0D21B1AA10300F2230E /* UIPickerView+IDNTap.m in Sources */ = {isa = PBXBuildFile; fileRef = 94D4A0C01B1AA10300F2230E /* UIPickerView+IDNTap.m */; };
		94D4A0D31B1AA10300F2230E /* UIScreen+IDNExtend.m in Sources */ = {isa = PBXBuildFile; fileRef = 94D4A0C21B1AA10300F2230E /* UIScreen+IDNExtend.m */; };
		94D4A0D41B1AA10300F2230E /* UIView+IDNCountBadge.m in Sources */ = {isa = PBXBuildFile; fileRef = 94D4A0C41B1AA10300F2230E /* UIView+IDNCountBadge.m */; };
		94D4A0D51B1AA10300F2230E /* UIView+IDNExtend.m in Sources */ = {isa = PBXBuildFile; fileRef = 94D4A0C61B1AA10300F2230E /* UIView+IDNExtend.m */; };
		94D4A0D61B1AA10300F2230E /* UIViewController+IDNScreenAdapt.m in Sources */ = {isa = PBXBuildFile; fileRef = 94D4A0C81B1AA10300F2230E /* UIViewController+IDNScreenAdapt.m */; };
		94D4A0D71B1AA10300F2230E /* UIViewController+IDNTransition.m in Sources */ = {isa = PBXBuildFile; fileRef = 94D4A0CA1B1AA10300F2230E /* UIViewController+IDNTransition.m */; };
		94D4A0DA1B1AA73E00F2230E /* CommentServer.m in Sources */ = {isa = PBXBuildFile; fileRef = 94D4A0D91B1AA73E00F2230E /* CommentServer.m */; };
		94D4A0DE1B1AB9AC00F2230E /* CommentList.m in Sources */ = {isa = PBXBuildFile; fileRef = 94D4A0DD1B1AB9AC00F2230E /* CommentList.m */; };
		94D4A0E51B1ABAE600F2230E /* IDNSegmentQuery.m in Sources */ = {isa = PBXBuildFile; fileRef = 94D4A0E41B1ABAE600F2230E /* IDNSegmentQuery.m */; };
		94D4A0E91B1AD18500F2230E /* ArticleInfoController.m in Sources */ = {isa = PBXBuildFile; fileRef = 94D4A0E71B1AD18500F2230E /* ArticleInfoController.m */; };
		94D4A0EA1B1AD18500F2230E /* ArticleInfoController.xib in Resources */ = {isa = PBXBuildFile; fileRef = 94D4A0E81B1AD18500F2230E /* ArticleInfoController.xib */; };
		94D4A0EE1B1ADE1E00F2230E /* CommentsController.m in Sources */ = {isa = PBXBuildFile; fileRef = 94D4A0EC1B1ADE1E00F2230E /* CommentsController.m */; };
		94D4A0EF1B1ADE1E00F2230E /* CommentsController.xib in Resources */ = {isa = PBXBuildFile; fileRef = 94D4A0ED1B1ADE1E00F2230E /* CommentsController.xib */; };
		94D75C491B23E7F00077D255 /* UserServer.m in Sources */ = {isa = PBXBuildFile; fileRef = 94D75C481B23E7F00077D255 /* UserServer.m */; };
		94D75C4C1B23E8110077D255 /* UserProfile.m in Sources */ = {isa = PBXBuildFile; fileRef = 94D75C4B1B23E8110077D255 /* UserProfile.m */; };
		94D75C501B23F1800077D255 /* LoginController.m in Sources */ = {isa = PBXBuildFile; fileRef = 94D75C4E1B23F1800077D255 /* LoginController.m */; };
		94D75C511B23F1800077D255 /* LoginController.xib in Resources */ = {isa = PBXBuildFile; fileRef = 94D75C4F1B23F1800077D255 /* LoginController.xib */; };
		94D75C541B23F7070077D255 /* IDNColorButton.m in Sources */ = {isa = PBXBuildFile; fileRef = 94D75C531B23F7070077D255 /* IDNColorButton.m */; };
		94D98E161B241BD700D80734 /* RegisterController.m in Sources */ = {isa = PBXBuildFile; fileRef = 94D98E141B241BD700D80734 /* RegisterController.m */; };
		94D98E171B241BD700D80734 /* RegisterController.xib in Resources */ = {isa = PBXBuildFile; fileRef = 94D98E151B241BD700D80734 /* RegisterController.xib */; };
/* End PBXBuildFile section */

/* Begin PBXContainerItemProxy section */
		94D2676A1B0824F100F696B3 /* PBXContainerItemProxy */ = {
			isa = PBXContainerItemProxy;
			containerPortal = 94D267481B0824F100F696B3 /* Project object */;
			proxyType = 1;
			remoteGlobalIDString = 94D2674F1B0824F100F696B3;
			remoteInfo = IDNRssReader;
		};
/* End PBXContainerItemProxy section */

/* Begin PBXFileReference section */
		9402348D1B3AEDCC00BAA390 /* IDNFileCache.h */ = {isa = PBXFileReference; fileEncoding = 4; lastKnownFileType = sourcecode.c.h; path = IDNFileCache.h; sourceTree = "<group>"; };
		9402348E1B3AEDCC00BAA390 /* IDNFileCache.m */ = {isa = PBXFileReference; fileEncoding = 4; lastKnownFileType = sourcecode.c.objc; path = IDNFileCache.m; sourceTree = "<group>"; };
		94255A041B2D11540057B0E1 /* IDNActivityIndicator.h */ = {isa = PBXFileReference; fileEncoding = 4; lastKnownFileType = sourcecode.c.h; path = IDNActivityIndicator.h; sourceTree = "<group>"; };
		94255A051B2D11540057B0E1 /* IDNActivityIndicator.m */ = {isa = PBXFileReference; fileEncoding = 4; lastKnownFileType = sourcecode.c.objc; path = IDNActivityIndicator.m; sourceTree = "<group>"; };
		94255A061B2D11540057B0E1 /* IDNInputHelperView.h */ = {isa = PBXFileReference; fileEncoding = 4; lastKnownFileType = sourcecode.c.h; path = IDNInputHelperView.h; sourceTree = "<group>"; };
		94255A071B2D11540057B0E1 /* IDNInputHelperView.m */ = {isa = PBXFileReference; fileEncoding = 4; lastKnownFileType = sourcecode.c.objc; path = IDNInputHelperView.m; sourceTree = "<group>"; };
		94255A081B2D11540057B0E1 /* IDNProgressView.h */ = {isa = PBXFileReference; fileEncoding = 4; lastKnownFileType = sourcecode.c.h; path = IDNProgressView.h; sourceTree = "<group>"; };
		94255A091B2D11540057B0E1 /* IDNProgressView.m */ = {isa = PBXFileReference; fileEncoding = 4; lastKnownFileType = sourcecode.c.objc; path = IDNProgressView.m; sourceTree = "<group>"; };
		94255A0A1B2D11540057B0E1 /* IDNScanCodeView.h */ = {isa = PBXFileReference; fileEncoding = 4; lastKnownFileType = sourcecode.c.h; path = IDNScanCodeView.h; sourceTree = "<group>"; };
		94255A0B1B2D11540057B0E1 /* IDNScanCodeView.m */ = {isa = PBXFileReference; fileEncoding = 4; lastKnownFileType = sourcecode.c.objc; path = IDNScanCodeView.m; sourceTree = "<group>"; };
		94255A0C1B2D11540057B0E1 /* IDNTopTabController.h */ = {isa = PBXFileReference; fileEncoding = 4; lastKnownFileType = sourcecode.c.h; path = IDNTopTabController.h; sourceTree = "<group>"; };
		94255A0D1B2D11540057B0E1 /* IDNTopTabController.m */ = {isa = PBXFileReference; fileEncoding = 4; lastKnownFileType = sourcecode.c.objc; path = IDNTopTabController.m; sourceTree = "<group>"; };
		94255A0E1B2D11540057B0E1 /* UIView+IDNKeyboard.h */ = {isa = PBXFileReference; fileEncoding = 4; lastKnownFileType = sourcecode.c.h; path = "UIView+IDNKeyboard.h"; sourceTree = "<group>"; };
		94255A0F1B2D11540057B0E1 /* UIView+IDNKeyboard.m */ = {isa = PBXFileReference; fileEncoding = 4; lastKnownFileType = sourcecode.c.objc; path = "UIView+IDNKeyboard.m"; sourceTree = "<group>"; };
		94255A161B2D55550057B0E1 /* CommentCell.h */ = {isa = PBXFileReference; fileEncoding = 4; lastKnownFileType = sourcecode.c.h; path = CommentCell.h; sourceTree = "<group>"; };
		94255A171B2D55550057B0E1 /* CommentCell.m */ = {isa = PBXFileReference; fileEncoding = 4; lastKnownFileType = sourcecode.c.objc; path = CommentCell.m; sourceTree = "<group>"; };
		94255A181B2D55550057B0E1 /* CommentCell.xib */ = {isa = PBXFileReference; fileEncoding = 4; lastKnownFileType = file.xib; path = CommentCell.xib; sourceTree = "<group>"; };
		9499943A1B085AA3000FCB1C /* ArticlesController.h */ = {isa = PBXFileReference; fileEncoding = 4; lastKnownFileType = sourcecode.c.h; path = ArticlesController.h; sourceTree = "<group>"; };
		9499943B1B085AA3000FCB1C /* ArticlesController.m */ = {isa = PBXFileReference; fileEncoding = 4; lastKnownFileType = sourcecode.c.objc; path = ArticlesController.m; sourceTree = "<group>"; };
		949994451B085ACD000FCB1C /* IDNFoundation.h */ = {isa = PBXFileReference; fileEncoding = 4; lastKnownFileType = sourcecode.c.h; path = IDNFoundation.h; sourceTree = "<group>"; };
		949994461B085ACD000FCB1C /* NSData+IDNExtend.h */ = {isa = PBXFileReference; fileEncoding = 4; lastKnownFileType = sourcecode.c.h; path = "NSData+IDNExtend.h"; sourceTree = "<group>"; };
		949994471B085ACD000FCB1C /* NSData+IDNExtend.m */ = {isa = PBXFileReference; fileEncoding = 4; lastKnownFileType = sourcecode.c.objc; path = "NSData+IDNExtend.m"; sourceTree = "<group>"; };
		949994481B085ACD000FCB1C /* NSDate+IDNExtend.h */ = {isa = PBXFileReference; fileEncoding = 4; lastKnownFileType = sourcecode.c.h; path = "NSDate+IDNExtend.h"; sourceTree = "<group>"; };
		949994491B085ACD000FCB1C /* NSDate+IDNExtend.m */ = {isa = PBXFileReference; fileEncoding = 4; lastKnownFileType = sourcecode.c.objc; path = "NSDate+IDNExtend.m"; sourceTree = "<group>"; };
		9499944A1B085ACD000FCB1C /* NSFileManager+IDNExtend.h */ = {isa = PBXFileReference; fileEncoding = 4; lastKnownFileType = sourcecode.c.h; path = "NSFileManager+IDNExtend.h"; sourceTree = "<group>"; };
		9499944B1B085ACE000FCB1C /* NSFileManager+IDNExtend.m */ = {isa = PBXFileReference; fileEncoding = 4; lastKnownFileType = sourcecode.c.objc; path = "NSFileManager+IDNExtend.m"; sourceTree = "<group>"; };
		9499944C1B085ACE000FCB1C /* NSPointerArray+IDNExtend.h */ = {isa = PBXFileReference; fileEncoding = 4; lastKnownFileType = sourcecode.c.h; path = "NSPointerArray+IDNExtend.h"; sourceTree = "<group>"; };
		9499944D1B085ACE000FCB1C /* NSPointerArray+IDNExtend.m */ = {isa = PBXFileReference; fileEncoding = 4; lastKnownFileType = sourcecode.c.objc; path = "NSPointerArray+IDNExtend.m"; sourceTree = "<group>"; };
		9499944E1B085ACE000FCB1C /* NSString+IDNExtend.h */ = {isa = PBXFileReference; fileEncoding = 4; lastKnownFileType = sourcecode.c.h; path = "NSString+IDNExtend.h"; sourceTree = "<group>"; };
		9499944F1B085ACE000FCB1C /* NSString+IDNExtend.m */ = {isa = PBXFileReference; fileEncoding = 4; lastKnownFileType = sourcecode.c.objc; path = "NSString+IDNExtend.m"; sourceTree = "<group>"; };
		949994511B085ACE000FCB1C /* IDNImagePickerController.h */ = {isa = PBXFileReference; fileEncoding = 4; lastKnownFileType = sourcecode.c.h; path = IDNImagePickerController.h; sourceTree = "<group>"; };
		949994521B085ACE000FCB1C /* IDNImagePickerController.m */ = {isa = PBXFileReference; fileEncoding = 4; lastKnownFileType = sourcecode.c.objc; path = IDNImagePickerController.m; sourceTree = "<group>"; };
		949994531B085ACE000FCB1C /* IDNRefreshControl.h */ = {isa = PBXFileReference; fileEncoding = 4; lastKnownFileType = sourcecode.c.h; path = IDNRefreshControl.h; sourceTree = "<group>"; };
		949994541B085ACE000FCB1C /* IDNRefreshControl.m */ = {isa = PBXFileReference; fileEncoding = 4; lastKnownFileType = sourcecode.c.objc; path = IDNRefreshControl.m; sourceTree = "<group>"; };
		949994551B085ACE000FCB1C /* UIBezierPath+IDNExtend.h */ = {isa = PBXFileReference; fileEncoding = 4; lastKnownFileType = sourcecode.c.h; path = "UIBezierPath+IDNExtend.h"; sourceTree = "<group>"; };
		949994561B085ACE000FCB1C /* UIBezierPath+IDNExtend.m */ = {isa = PBXFileReference; fileEncoding = 4; lastKnownFileType = sourcecode.c.objc; path = "UIBezierPath+IDNExtend.m"; sourceTree = "<group>"; };
		949994571B085ACE000FCB1C /* UIImage+IDNExtend.h */ = {isa = PBXFileReference; fileEncoding = 4; lastKnownFileType = sourcecode.c.h; path = "UIImage+IDNExtend.h"; sourceTree = "<group>"; };
		949994581B085ACE000FCB1C /* UIImage+IDNExtend.m */ = {isa = PBXFileReference; fileEncoding = 4; lastKnownFileType = sourcecode.c.objc; path = "UIImage+IDNExtend.m"; sourceTree = "<group>"; };
		949994591B085ACE000FCB1C /* UIViewController+IDNPrompt.h */ = {isa = PBXFileReference; fileEncoding = 4; lastKnownFileType = sourcecode.c.h; path = "UIViewController+IDNPrompt.h"; sourceTree = "<group>"; };
		9499945A1B085ACE000FCB1C /* UIViewController+IDNPrompt.m */ = {isa = PBXFileReference; fileEncoding = 4; lastKnownFileType = sourcecode.c.objc; path = "UIViewController+IDNPrompt.m"; sourceTree = "<group>"; };
		949994661B0861A9000FCB1C /* WebViewController.h */ = {isa = PBXFileReference; fileEncoding = 4; lastKnownFileType = sourcecode.c.h; path = WebViewController.h; sourceTree = "<group>"; };
		949994671B0861A9000FCB1C /* WebViewController.m */ = {isa = PBXFileReference; fileEncoding = 4; lastKnownFileType = sourcecode.c.objc; path = WebViewController.m; sourceTree = "<group>"; };
		949994691B086D00000FCB1C /* IDNAsyncTask.h */ = {isa = PBXFileReference; fileEncoding = 4; lastKnownFileType = sourcecode.c.h; path = IDNAsyncTask.h; sourceTree = "<group>"; };
		9499946A1B086D00000FCB1C /* IDNAsyncTask.m */ = {isa = PBXFileReference; fileEncoding = 4; lastKnownFileType = sourcecode.c.objc; path = IDNAsyncTask.m; sourceTree = "<group>"; };
		94C9362E1B3E9D4000CB072A /* GTMNSString+HTML.h */ = {isa = PBXFileReference; fileEncoding = 4; lastKnownFileType = sourcecode.c.h; path = "GTMNSString+HTML.h"; sourceTree = "<group>"; };
		94C9362F1B3E9D4000CB072A /* GTMNSString+HTML.m */ = {isa = PBXFileReference; fileEncoding = 4; lastKnownFileType = sourcecode.c.objc; path = "GTMNSString+HTML.m"; sourceTree = "<group>"; };
		94C936301B3E9D4000CB072A /* IDNFeedParser.h */ = {isa = PBXFileReference; fileEncoding = 4; lastKnownFileType = sourcecode.c.h; path = IDNFeedParser.h; sourceTree = "<group>"; };
		94C936311B3E9D4000CB072A /* IDNFeedParser.m */ = {isa = PBXFileReference; fileEncoding = 4; lastKnownFileType = sourcecode.c.objc; path = IDNFeedParser.m; sourceTree = "<group>"; };
		94C936321B3E9D4000CB072A /* NSDate+InternetDateTime.h */ = {isa = PBXFileReference; fileEncoding = 4; lastKnownFileType = sourcecode.c.h; path = "NSDate+InternetDateTime.h"; sourceTree = "<group>"; };
		94C936331B3E9D4000CB072A /* NSDate+InternetDateTime.m */ = {isa = PBXFileReference; fileEncoding = 4; lastKnownFileType = sourcecode.c.objc; path = "NSDate+InternetDateTime.m"; sourceTree = "<group>"; };
		94C936341B3E9D4000CB072A /* NSString+HTML.h */ = {isa = PBXFileReference; fileEncoding = 4; lastKnownFileType = sourcecode.c.h; path = "NSString+HTML.h"; sourceTree = "<group>"; };
		94C936351B3E9D4000CB072A /* NSString+HTML.m */ = {isa = PBXFileReference; fileEncoding = 4; lastKnownFileType = sourcecode.c.objc; path = "NSString+HTML.m"; sourceTree = "<group>"; };
		94C936711B3EA8CC00CB072A /* Security.framework */ = {isa = PBXFileReference; lastKnownFileType = wrapper.framework; name = Security.framework; path = System/Library/Frameworks/Security.framework; sourceTree = SDKROOT; };
		94C936731B3EA8D700CB072A /* libiconv.dylib */ = {isa = PBXFileReference; lastKnownFileType = "compiled.mach-o.dylib"; name = libiconv.dylib; path = usr/lib/libiconv.dylib; sourceTree = SDKROOT; };
		94C936751B3EA8E000CB072A /* SystemConfiguration.framework */ = {isa = PBXFileReference; lastKnownFileType = wrapper.framework; name = SystemConfiguration.framework; path = System/Library/Frameworks/SystemConfiguration.framework; sourceTree = SDKROOT; };
		94C936771B3EA8E900CB072A /* CoreGraphics.framework */ = {isa = PBXFileReference; lastKnownFileType = wrapper.framework; name = CoreGraphics.framework; path = System/Library/Frameworks/CoreGraphics.framework; sourceTree = SDKROOT; };
		94C936791B3EA8FA00CB072A /* libsqlite3.dylib */ = {isa = PBXFileReference; lastKnownFileType = "compiled.mach-o.dylib"; name = libsqlite3.dylib; path = usr/lib/libsqlite3.dylib; sourceTree = SDKROOT; };
		94C9367B1B3EA90300CB072A /* CoreTelephony.framework */ = {isa = PBXFileReference; lastKnownFileType = wrapper.framework; name = CoreTelephony.framework; path = System/Library/Frameworks/CoreTelephony.framework; sourceTree = SDKROOT; };
		94C9367D1B3EA90E00CB072A /* libstdc++.dylib */ = {isa = PBXFileReference; lastKnownFileType = "compiled.mach-o.dylib"; name = "libstdc++.dylib"; path = "usr/lib/libstdc++.dylib"; sourceTree = SDKROOT; };
		94C9367F1B3EA91700CB072A /* libz.dylib */ = {isa = PBXFileReference; lastKnownFileType = "compiled.mach-o.dylib"; name = libz.dylib; path = usr/lib/libz.dylib; sourceTree = SDKROOT; };
		94C936861B3EE56B00CB072A /* en */ = {isa = PBXFileReference; lastKnownFileType = text.plist.strings; name = en; path = en.lproj/UMSocialLocalizable.strings; sourceTree = "<group>"; };
		94C936881B3EE56B00CB072A /* UMSocial.h */ = {isa = PBXFileReference; fileEncoding = 4; lastKnownFileType = sourcecode.c.h; path = UMSocial.h; sourceTree = "<group>"; };
		94C936891B3EE56B00CB072A /* UMSocialAccountManager.h */ = {isa = PBXFileReference; fileEncoding = 4; lastKnownFileType = sourcecode.c.h; path = UMSocialAccountManager.h; sourceTree = "<group>"; };
		94C9368A1B3EE56B00CB072A /* UMSocialBar.h */ = {isa = PBXFileReference; fileEncoding = 4; lastKnownFileType = sourcecode.c.h; path = UMSocialBar.h; sourceTree = "<group>"; };
		94C9368B1B3EE56B00CB072A /* UMSocialConfig.h */ = {isa = PBXFileReference; fileEncoding = 4; lastKnownFileType = sourcecode.c.h; path = UMSocialConfig.h; sourceTree = "<group>"; };
		94C9368C1B3EE56B00CB072A /* UMSocialControllerService.h */ = {isa = PBXFileReference; fileEncoding = 4; lastKnownFileType = sourcecode.c.h; path = UMSocialControllerService.h; sourceTree = "<group>"; };
		94C9368D1B3EE56B00CB072A /* UMSocialControllerServiceComment.h */ = {isa = PBXFileReference; fileEncoding = 4; lastKnownFileType = sourcecode.c.h; path = UMSocialControllerServiceComment.h; sourceTree = "<group>"; };
		94C9368E1B3EE56B00CB072A /* UMSocialData.h */ = {isa = PBXFileReference; fileEncoding = 4; lastKnownFileType = sourcecode.c.h; path = UMSocialData.h; sourceTree = "<group>"; };
		94C9368F1B3EE56B00CB072A /* UMSocialDataService.h */ = {isa = PBXFileReference; fileEncoding = 4; lastKnownFileType = sourcecode.c.h; path = UMSocialDataService.h; sourceTree = "<group>"; };
		94C936901B3EE56B00CB072A /* UMSocialSnsData.h */ = {isa = PBXFileReference; fileEncoding = 4; lastKnownFileType = sourcecode.c.h; path = UMSocialSnsData.h; sourceTree = "<group>"; };
		94C936911B3EE56B00CB072A /* UMSocialSnsPlatformManager.h */ = {isa = PBXFileReference; fileEncoding = 4; lastKnownFileType = sourcecode.c.h; path = UMSocialSnsPlatformManager.h; sourceTree = "<group>"; };
		94C936921B3EE56B00CB072A /* UMSocialSnsService.h */ = {isa = PBXFileReference; fileEncoding = 4; lastKnownFileType = sourcecode.c.h; path = UMSocialSnsService.h; sourceTree = "<group>"; };
		94C936931B3EE56B00CB072A /* libUMSocial_Sdk_4.2.3.a */ = {isa = PBXFileReference; lastKnownFileType = archive.ar; path = libUMSocial_Sdk_4.2.3.a; sourceTree = "<group>"; };
		94C936951B3EE56B00CB072A /* UMSCommentDetailController.xib */ = {isa = PBXFileReference; fileEncoding = 4; lastKnownFileType = file.xib; path = UMSCommentDetailController.xib; sourceTree = "<group>"; };
		94C936961B3EE56B00CB072A /* UMSCommentInputController.xib */ = {isa = PBXFileReference; fileEncoding = 4; lastKnownFileType = file.xib; path = UMSCommentInputController.xib; sourceTree = "<group>"; };
		94C936971B3EE56B00CB072A /* UMSCommentInputControlleriPad.xib */ = {isa = PBXFileReference; fileEncoding = 4; lastKnownFileType = file.xib; path = UMSCommentInputControlleriPad.xib; sourceTree = "<group>"; };
		94C936981B3EE56B00CB072A /* UMShareEditViewController.xib */ = {isa = PBXFileReference; fileEncoding = 4; lastKnownFileType = file.xib; path = UMShareEditViewController.xib; sourceTree = "<group>"; };
		94C936991B3EE56B00CB072A /* UMShareEditViewControlleriPad.xib */ = {isa = PBXFileReference; fileEncoding = 4; lastKnownFileType = file.xib; path = UMShareEditViewControlleriPad.xib; sourceTree = "<group>"; };
		94C9369A1B3EE56B00CB072A /* UMSLoginViewController.xib */ = {isa = PBXFileReference; fileEncoding = 4; lastKnownFileType = file.xib; path = UMSLoginViewController.xib; sourceTree = "<group>"; };
		94C9369B1B3EE56B00CB072A /* UMSnsAccountViewController.xib */ = {isa = PBXFileReference; fileEncoding = 4; lastKnownFileType = file.xib; path = UMSnsAccountViewController.xib; sourceTree = "<group>"; };
		94C9369C1B3EE56B00CB072A /* UMSShareListController.xib */ = {isa = PBXFileReference; fileEncoding = 4; lastKnownFileType = file.xib; path = UMSShareListController.xib; sourceTree = "<group>"; };
		94C9369D1B3EE56B00CB072A /* UMSocialSDKResourcesNew.bundle */ = {isa = PBXFileReference; lastKnownFileType = "wrapper.plug-in"; path = UMSocialSDKResourcesNew.bundle; sourceTree = "<group>"; };
		94C9369E1B3EE56B00CB072A /* zh-Hans */ = {isa = PBXFileReference; lastKnownFileType = text.plist.strings; name = "zh-Hans"; path = "zh-Hans.lproj/UMSocialLocalizable.strings"; sourceTree = "<group>"; };
		94C936A11B3EE56B00CB072A /* libSocialInstagram.a */ = {isa = PBXFileReference; lastKnownFileType = archive.ar; path = libSocialInstagram.a; sourceTree = "<group>"; };
		94C936A21B3EE56B00CB072A /* UMSocialInstagramHandler.h */ = {isa = PBXFileReference; fileEncoding = 4; lastKnownFileType = sourcecode.c.h; path = UMSocialInstagramHandler.h; sourceTree = "<group>"; };
		94C936A41B3EE56B00CB072A /* libSocialLaiWang.a */ = {isa = PBXFileReference; lastKnownFileType = archive.ar; path = libSocialLaiWang.a; sourceTree = "<group>"; };
		94C936A51B3EE56B00CB072A /* UMSocialLaiwangHandler.h */ = {isa = PBXFileReference; fileEncoding = 4; lastKnownFileType = sourcecode.c.h; path = UMSocialLaiwangHandler.h; sourceTree = "<group>"; };
		94C936A71B3EE56B00CB072A /* libSocialLine.a */ = {isa = PBXFileReference; lastKnownFileType = archive.ar; path = libSocialLine.a; sourceTree = "<group>"; };
		94C936A81B3EE56B00CB072A /* UMSocialLineHandler.h */ = {isa = PBXFileReference; fileEncoding = 4; lastKnownFileType = sourcecode.c.h; path = UMSocialLineHandler.h; sourceTree = "<group>"; };
		94C936AA1B3EE56B00CB072A /* libSocialQQ.a */ = {isa = PBXFileReference; lastKnownFileType = archive.ar; path = libSocialQQ.a; sourceTree = "<group>"; };
		94C936AB1B3EE56B00CB072A /* TencentOpenAPI.framework */ = {isa = PBXFileReference; lastKnownFileType = wrapper.framework; path = TencentOpenAPI.framework; sourceTree = "<group>"; };
		94C936AC1B3EE56B00CB072A /* TencentOpenApi_IOS_Bundle.bundle */ = {isa = PBXFileReference; lastKnownFileType = "wrapper.plug-in"; path = TencentOpenApi_IOS_Bundle.bundle; sourceTree = "<group>"; };
		94C936AD1B3EE56B00CB072A /* UMSocialQQHandler.h */ = {isa = PBXFileReference; fileEncoding = 4; lastKnownFileType = sourcecode.c.h; path = UMSocialQQHandler.h; sourceTree = "<group>"; };
		94C936AF1B3EE56B00CB072A /* libSocialTumblr.a */ = {isa = PBXFileReference; lastKnownFileType = archive.ar; path = libSocialTumblr.a; sourceTree = "<group>"; };
		94C936B01B3EE56B00CB072A /* UMSocialTumblrHandler.h */ = {isa = PBXFileReference; fileEncoding = 4; lastKnownFileType = sourcecode.c.h; path = UMSocialTumblrHandler.h; sourceTree = "<group>"; };
		94C936B21B3EE56B00CB072A /* libSocialWechat.a */ = {isa = PBXFileReference; lastKnownFileType = archive.ar; path = libSocialWechat.a; sourceTree = "<group>"; };
		94C936B31B3EE56B00CB072A /* libWeChatSDK.a */ = {isa = PBXFileReference; lastKnownFileType = archive.ar; path = libWeChatSDK.a; sourceTree = "<group>"; };
		94C936B41B3EE56B00CB072A /* UMSocialWechatHandler.h */ = {isa = PBXFileReference; fileEncoding = 4; lastKnownFileType = sourcecode.c.h; path = UMSocialWechatHandler.h; sourceTree = "<group>"; };
		94C936B51B3EE56B00CB072A /* WXApi.h */ = {isa = PBXFileReference; fileEncoding = 4; lastKnownFileType = sourcecode.c.h; path = WXApi.h; sourceTree = "<group>"; };
		94C936B61B3EE56B00CB072A /* WXApiObject.h */ = {isa = PBXFileReference; fileEncoding = 4; lastKnownFileType = sourcecode.c.h; path = WXApiObject.h; sourceTree = "<group>"; };
		94C936B81B3EE56B00CB072A /* libSocialWhatsapp.a */ = {isa = PBXFileReference; lastKnownFileType = archive.ar; path = libSocialWhatsapp.a; sourceTree = "<group>"; };
		94C936B91B3EE56B00CB072A /* UMSocialWhatsappHandler.h */ = {isa = PBXFileReference; fileEncoding = 4; lastKnownFileType = sourcecode.c.h; path = UMSocialWhatsappHandler.h; sourceTree = "<group>"; };
		94C936BB1B3EE56B00CB072A /* libSocialYiXin.a */ = {isa = PBXFileReference; lastKnownFileType = archive.ar; path = libSocialYiXin.a; sourceTree = "<group>"; };
		94C936BC1B3EE56B00CB072A /* libYixinSDK_V2.2.a */ = {isa = PBXFileReference; lastKnownFileType = archive.ar; path = libYixinSDK_V2.2.a; sourceTree = "<group>"; };
		94C936BD1B3EE56B00CB072A /* UMSocialYiXinHandler.h */ = {isa = PBXFileReference; fileEncoding = 4; lastKnownFileType = sourcecode.c.h; path = UMSocialYiXinHandler.h; sourceTree = "<group>"; };
		94C936BE1B3EE56B00CB072A /* YXApi.h */ = {isa = PBXFileReference; fileEncoding = 4; lastKnownFileType = sourcecode.c.h; path = YXApi.h; sourceTree = "<group>"; };
		94C936BF1B3EE56B00CB072A /* YXApiObject.h */ = {isa = PBXFileReference; fileEncoding = 4; lastKnownFileType = sourcecode.c.h; path = YXApiObject.h; sourceTree = "<group>"; };
		94D267501B0824F100F696B3 /* IDNRssReader.app */ = {isa = PBXFileReference; explicitFileType = wrapper.application; includeInIndex = 0; path = IDNRssReader.app; sourceTree = BUILT_PRODUCTS_DIR; };
		94D267541B0824F100F696B3 /* Info.plist */ = {isa = PBXFileReference; lastKnownFileType = text.plist.xml; path = Info.plist; sourceTree = "<group>"; };
		94D267551B0824F100F696B3 /* main.m */ = {isa = PBXFileReference; lastKnownFileType = sourcecode.c.objc; path = main.m; sourceTree = "<group>"; };
		94D267571B0824F100F696B3 /* AppDelegate.h */ = {isa = PBXFileReference; lastKnownFileType = sourcecode.c.h; path = AppDelegate.h; sourceTree = "<group>"; };
		94D267581B0824F100F696B3 /* AppDelegate.m */ = {isa = PBXFileReference; lastKnownFileType = sourcecode.c.objc; path = AppDelegate.m; sourceTree = "<group>"; };
		94D267601B0824F100F696B3 /* Images.xcassets */ = {isa = PBXFileReference; lastKnownFileType = folder.assetcatalog; path = Images.xcassets; sourceTree = "<group>"; };
		94D267631B0824F100F696B3 /* Base */ = {isa = PBXFileReference; lastKnownFileType = file.xib; name = Base; path = Base.lproj/LaunchScreen.xib; sourceTree = "<group>"; };
		94D267691B0824F100F696B3 /* IDNRssReaderTests.xctest */ = {isa = PBXFileReference; explicitFileType = wrapper.cfbundle; includeInIndex = 0; path = IDNRssReaderTests.xctest; sourceTree = BUILT_PRODUCTS_DIR; };
		94D2676E1B0824F100F696B3 /* Info.plist */ = {isa = PBXFileReference; lastKnownFileType = text.plist.xml; path = Info.plist; sourceTree = "<group>"; };
		94D2676F1B0824F100F696B3 /* IDNRssReaderTests.m */ = {isa = PBXFileReference; lastKnownFileType = sourcecode.c.objc; path = IDNRssReaderTests.m; sourceTree = "<group>"; };
		94D2D6401B11691100432BCC /* MyModels.h */ = {isa = PBXFileReference; fileEncoding = 4; lastKnownFileType = sourcecode.c.h; path = MyModels.h; sourceTree = "<group>"; };
		94D2D6411B11691100432BCC /* MyModels.m */ = {isa = PBXFileReference; fileEncoding = 4; lastKnownFileType = sourcecode.c.objc; path = MyModels.m; sourceTree = "<group>"; };
		94D2D6431B1169F000432BCC /* RssManage.h */ = {isa = PBXFileReference; fileEncoding = 4; lastKnownFileType = sourcecode.c.h; path = RssManage.h; sourceTree = "<group>"; };
		94D2D6441B1169F000432BCC /* RssManage.m */ = {isa = PBXFileReference; fileEncoding = 4; lastKnownFileType = sourcecode.c.objc; path = RssManage.m; sourceTree = "<group>"; };
		94D2D6461B11713600432BCC /* RSSsController.h */ = {isa = PBXFileReference; fileEncoding = 4; lastKnownFileType = sourcecode.c.h; path = RSSsController.h; sourceTree = "<group>"; };
		94D2D6471B11713600432BCC /* RSSsController.m */ = {isa = PBXFileReference; fileEncoding = 4; lastKnownFileType = sourcecode.c.objc; path = RSSsController.m; sourceTree = "<group>"; };
		94D4A09E1B1A9DBF00F2230E /* CommentInfo.h */ = {isa = PBXFileReference; fileEncoding = 4; lastKnownFileType = sourcecode.c.h; path = CommentInfo.h; sourceTree = "<group>"; };
		94D4A09F1B1A9DBF00F2230E /* CommentInfo.m */ = {isa = PBXFileReference; fileEncoding = 4; lastKnownFileType = sourcecode.c.objc; path = CommentInfo.m; sourceTree = "<group>"; };
		94D4A0A41B1AA0F300F2230E /* IDNNetwork.h */ = {isa = PBXFileReference; fileEncoding = 4; lastKnownFileType = sourcecode.c.h; path = IDNNetwork.h; sourceTree = "<group>"; };
		94D4A0A51B1AA0F300F2230E /* IDNNetwork.m */ = {isa = PBXFileReference; fileEncoding = 4; lastKnownFileType = sourcecode.c.objc; path = IDNNetwork.m; sourceTree = "<group>"; };
		94D4A0A61B1AA0F300F2230E /* NSDictionary+IDNExtend.h */ = {isa = PBXFileReference; fileEncoding = 4; lastKnownFileType = sourcecode.c.h; path = "NSDictionary+IDNExtend.h"; sourceTree = "<group>"; };
		94D4A0A71B1AA0F300F2230E /* NSDictionary+IDNExtend.m */ = {isa = PBXFileReference; fileEncoding = 4; lastKnownFileType = sourcecode.c.objc; path = "NSDictionary+IDNExtend.m"; sourceTree = "<group>"; };
		94D4A0A81B1AA0F300F2230E /* NSError+IDNExtend.h */ = {isa = PBXFileReference; fileEncoding = 4; lastKnownFileType = sourcecode.c.h; path = "NSError+IDNExtend.h"; sourceTree = "<group>"; };
		94D4A0A91B1AA0F300F2230E /* NSError+IDNExtend.m */ = {isa = PBXFileReference; fileEncoding = 4; lastKnownFileType = sourcecode.c.objc; path = "NSError+IDNExtend.m"; sourceTree = "<group>"; };
		94D4A0AA1B1AA0F300F2230E /* Reachability.h */ = {isa = PBXFileReference; fileEncoding = 4; lastKnownFileType = sourcecode.c.h; path = Reachability.h; sourceTree = "<group>"; };
		94D4A0AB1B1AA0F300F2230E /* Reachability.m */ = {isa = PBXFileReference; fileEncoding = 4; lastKnownFileType = sourcecode.c.objc; path = Reachability.m; sourceTree = "<group>"; };
		94D4A0B01B1AA10300F2230E /* IDNFrameView.h */ = {isa = PBXFileReference; fileEncoding = 4; lastKnownFileType = sourcecode.c.h; path = IDNFrameView.h; sourceTree = "<group>"; };
		94D4A0B11B1AA10300F2230E /* IDNFrameView.m */ = {isa = PBXFileReference; fileEncoding = 4; lastKnownFileType = sourcecode.c.objc; path = IDNFrameView.m; sourceTree = "<group>"; };
		94D4A0B21B1AA10300F2230E /* IDNGradientView.h */ = {isa = PBXFileReference; fileEncoding = 4; lastKnownFileType = sourcecode.c.h; path = IDNGradientView.h; sourceTree = "<group>"; };
		94D4A0B31B1AA10300F2230E /* IDNGradientView.m */ = {isa = PBXFileReference; fileEncoding = 4; lastKnownFileType = sourcecode.c.objc; path = IDNGradientView.m; sourceTree = "<group>"; };
		94D4A0B41B1AA10300F2230E /* IDNKit.h */ = {isa = PBXFileReference; fileEncoding = 4; lastKnownFileType = sourcecode.c.h; path = IDNKit.h; sourceTree = "<group>"; };
		94D4A0B51B1AA10300F2230E /* IDNMainController.h */ = {isa = PBXFileReference; fileEncoding = 4; lastKnownFileType = sourcecode.c.h; path = IDNMainController.h; sourceTree = "<group>"; };
		94D4A0B61B1AA10300F2230E /* IDNMainController.m */ = {isa = PBXFileReference; fileEncoding = 4; lastKnownFileType = sourcecode.c.objc; path = IDNMainController.m; sourceTree = "<group>"; };
		94D4A0B71B1AA10300F2230E /* IDNSearchBar.h */ = {isa = PBXFileReference; fileEncoding = 4; lastKnownFileType = sourcecode.c.h; path = IDNSearchBar.h; sourceTree = "<group>"; };
		94D4A0B81B1AA10300F2230E /* IDNSearchBar.m */ = {isa = PBXFileReference; fileEncoding = 4; lastKnownFileType = sourcecode.c.objc; path = IDNSearchBar.m; sourceTree = "<group>"; };
		94D4A0B91B1AA10300F2230E /* IDNSideMenuController.h */ = {isa = PBXFileReference; fileEncoding = 4; lastKnownFileType = sourcecode.c.h; path = IDNSideMenuController.h; sourceTree = "<group>"; };
		94D4A0BA1B1AA10300F2230E /* IDNSideMenuController.m */ = {isa = PBXFileReference; fileEncoding = 4; lastKnownFileType = sourcecode.c.objc; path = IDNSideMenuController.m; sourceTree = "<group>"; };
		94D4A0BB1B1AA10300F2230E /* IDNSplitMainController.h */ = {isa = PBXFileReference; fileEncoding = 4; lastKnownFileType = sourcecode.c.h; path = IDNSplitMainController.h; sourceTree = "<group>"; };
		94D4A0BC1B1AA10300F2230E /* IDNSplitMainController.m */ = {isa = PBXFileReference; fileEncoding = 4; lastKnownFileType = sourcecode.c.objc; path = IDNSplitMainController.m; sourceTree = "<group>"; };
		94D4A0BD1B1AA10300F2230E /* IDNViewControllerAnimatedTransitioningLeftRight.h */ = {isa = PBXFileReference; fileEncoding = 4; lastKnownFileType = sourcecode.c.h; path = IDNViewControllerAnimatedTransitioningLeftRight.h; sourceTree = "<group>"; };
		94D4A0BE1B1AA10300F2230E /* IDNViewControllerAnimatedTransitioningLeftRight.m */ = {isa = PBXFileReference; fileEncoding = 4; lastKnownFileType = sourcecode.c.objc; path = IDNViewControllerAnimatedTransitioningLeftRight.m; sourceTree = "<group>"; };
		94D4A0BF1B1AA10300F2230E /* UIPickerView+IDNTap.h */ = {isa = PBXFileReference; fileEncoding = 4; lastKnownFileType = sourcecode.c.h; path = "UIPickerView+IDNTap.h"; sourceTree = "<group>"; };
		94D4A0C01B1AA10300F2230E /* UIPickerView+IDNTap.m */ = {isa = PBXFileReference; fileEncoding = 4; lastKnownFileType = sourcecode.c.objc; path = "UIPickerView+IDNTap.m"; sourceTree = "<group>"; };
		94D4A0C11B1AA10300F2230E /* UIScreen+IDNExtend.h */ = {isa = PBXFileReference; fileEncoding = 4; lastKnownFileType = sourcecode.c.h; path = "UIScreen+IDNExtend.h"; sourceTree = "<group>"; };
		94D4A0C21B1AA10300F2230E /* UIScreen+IDNExtend.m */ = {isa = PBXFileReference; fileEncoding = 4; lastKnownFileType = sourcecode.c.objc; path = "UIScreen+IDNExtend.m"; sourceTree = "<group>"; };
		94D4A0C31B1AA10300F2230E /* UIView+IDNCountBadge.h */ = {isa = PBXFileReference; fileEncoding = 4; lastKnownFileType = sourcecode.c.h; path = "UIView+IDNCountBadge.h"; sourceTree = "<group>"; };
		94D4A0C41B1AA10300F2230E /* UIView+IDNCountBadge.m */ = {isa = PBXFileReference; fileEncoding = 4; lastKnownFileType = sourcecode.c.objc; path = "UIView+IDNCountBadge.m"; sourceTree = "<group>"; };
		94D4A0C51B1AA10300F2230E /* UIView+IDNExtend.h */ = {isa = PBXFileReference; fileEncoding = 4; lastKnownFileType = sourcecode.c.h; path = "UIView+IDNExtend.h"; sourceTree = "<group>"; };
		94D4A0C61B1AA10300F2230E /* UIView+IDNExtend.m */ = {isa = PBXFileReference; fileEncoding = 4; lastKnownFileType = sourcecode.c.objc; path = "UIView+IDNExtend.m"; sourceTree = "<group>"; };
		94D4A0C71B1AA10300F2230E /* UIViewController+IDNScreenAdapt.h */ = {isa = PBXFileReference; fileEncoding = 4; lastKnownFileType = sourcecode.c.h; path = "UIViewController+IDNScreenAdapt.h"; sourceTree = "<group>"; };
		94D4A0C81B1AA10300F2230E /* UIViewController+IDNScreenAdapt.m */ = {isa = PBXFileReference; fileEncoding = 4; lastKnownFileType = sourcecode.c.objc; path = "UIViewController+IDNScreenAdapt.m"; sourceTree = "<group>"; };
		94D4A0C91B1AA10300F2230E /* UIViewController+IDNTransition.h */ = {isa = PBXFileReference; fileEncoding = 4; lastKnownFileType = sourcecode.c.h; path = "UIViewController+IDNTransition.h"; sourceTree = "<group>"; };
		94D4A0CA1B1AA10300F2230E /* UIViewController+IDNTransition.m */ = {isa = PBXFileReference; fileEncoding = 4; lastKnownFileType = sourcecode.c.objc; path = "UIViewController+IDNTransition.m"; sourceTree = "<group>"; };
		94D4A0D81B1AA73E00F2230E /* CommentServer.h */ = {isa = PBXFileReference; fileEncoding = 4; lastKnownFileType = sourcecode.c.h; path = CommentServer.h; sourceTree = "<group>"; };
		94D4A0D91B1AA73E00F2230E /* CommentServer.m */ = {isa = PBXFileReference; fileEncoding = 4; lastKnownFileType = sourcecode.c.objc; path = CommentServer.m; sourceTree = "<group>"; };
		94D4A0DB1B1AA7C400F2230E /* RRConstant.h */ = {isa = PBXFileReference; lastKnownFileType = sourcecode.c.h; path = RRConstant.h; sourceTree = "<group>"; };
		94D4A0DC1B1AB9AC00F2230E /* CommentList.h */ = {isa = PBXFileReference; fileEncoding = 4; lastKnownFileType = sourcecode.c.h; path = CommentList.h; sourceTree = "<group>"; };
		94D4A0DD1B1AB9AC00F2230E /* CommentList.m */ = {isa = PBXFileReference; fileEncoding = 4; lastKnownFileType = sourcecode.c.objc; path = CommentList.m; sourceTree = "<group>"; };
		94D4A0E31B1ABAE600F2230E /* IDNSegmentQuery.h */ = {isa = PBXFileReference; fileEncoding = 4; lastKnownFileType = sourcecode.c.h; path = IDNSegmentQuery.h; sourceTree = "<group>"; };
		94D4A0E41B1ABAE600F2230E /* IDNSegmentQuery.m */ = {isa = PBXFileReference; fileEncoding = 4; lastKnownFileType = sourcecode.c.objc; path = IDNSegmentQuery.m; sourceTree = "<group>"; };
		94D4A0E61B1AD18500F2230E /* ArticleInfoController.h */ = {isa = PBXFileReference; fileEncoding = 4; lastKnownFileType = sourcecode.c.h; path = ArticleInfoController.h; sourceTree = "<group>"; };
		94D4A0E71B1AD18500F2230E /* ArticleInfoController.m */ = {isa = PBXFileReference; fileEncoding = 4; lastKnownFileType = sourcecode.c.objc; path = ArticleInfoController.m; sourceTree = "<group>"; };
		94D4A0E81B1AD18500F2230E /* ArticleInfoController.xib */ = {isa = PBXFileReference; fileEncoding = 4; lastKnownFileType = file.xib; path = ArticleInfoController.xib; sourceTree = "<group>"; };
		94D4A0EB1B1ADE1E00F2230E /* CommentsController.h */ = {isa = PBXFileReference; fileEncoding = 4; lastKnownFileType = sourcecode.c.h; path = CommentsController.h; sourceTree = "<group>"; };
		94D4A0EC1B1ADE1E00F2230E /* CommentsController.m */ = {isa = PBXFileReference; fileEncoding = 4; lastKnownFileType = sourcecode.c.objc; path = CommentsController.m; sourceTree = "<group>"; };
		94D4A0ED1B1ADE1E00F2230E /* CommentsController.xib */ = {isa = PBXFileReference; fileEncoding = 4; lastKnownFileType = file.xib; path = CommentsController.xib; sourceTree = "<group>"; };
		94D75C471B23E7F00077D255 /* UserServer.h */ = {isa = PBXFileReference; fileEncoding = 4; lastKnownFileType = sourcecode.c.h; path = UserServer.h; sourceTree = "<group>"; };
		94D75C481B23E7F00077D255 /* UserServer.m */ = {isa = PBXFileReference; fileEncoding = 4; lastKnownFileType = sourcecode.c.objc; path = UserServer.m; sourceTree = "<group>"; };
		94D75C4A1B23E8110077D255 /* UserProfile.h */ = {isa = PBXFileReference; fileEncoding = 4; lastKnownFileType = sourcecode.c.h; path = UserProfile.h; sourceTree = "<group>"; };
		94D75C4B1B23E8110077D255 /* UserProfile.m */ = {isa = PBXFileReference; fileEncoding = 4; lastKnownFileType = sourcecode.c.objc; path = UserProfile.m; sourceTree = "<group>"; };
		94D75C4D1B23F1800077D255 /* LoginController.h */ = {isa = PBXFileReference; fileEncoding = 4; lastKnownFileType = sourcecode.c.h; path = LoginController.h; sourceTree = "<group>"; };
		94D75C4E1B23F1800077D255 /* LoginController.m */ = {isa = PBXFileReference; fileEncoding = 4; lastKnownFileType = sourcecode.c.objc; path = LoginController.m; sourceTree = "<group>"; };
		94D75C4F1B23F1800077D255 /* LoginController.xib */ = {isa = PBXFileReference; fileEncoding = 4; lastKnownFileType = file.xib; path = LoginController.xib; sourceTree = "<group>"; };
		94D75C521B23F7070077D255 /* IDNColorButton.h */ = {isa = PBXFileReference; fileEncoding = 4; lastKnownFileType = sourcecode.c.h; path = IDNColorButton.h; sourceTree = "<group>"; };
		94D75C531B23F7070077D255 /* IDNColorButton.m */ = {isa = PBXFileReference; fileEncoding = 4; lastKnownFileType = sourcecode.c.objc; path = IDNColorButton.m; sourceTree = "<group>"; };
		94D98E131B241BD700D80734 /* RegisterController.h */ = {isa = PBXFileReference; fileEncoding = 4; lastKnownFileType = sourcecode.c.h; path = RegisterController.h; sourceTree = "<group>"; };
		94D98E141B241BD700D80734 /* RegisterController.m */ = {isa = PBXFileReference; fileEncoding = 4; lastKnownFileType = sourcecode.c.objc; path = RegisterController.m; sourceTree = "<group>"; };
		94D98E151B241BD700D80734 /* RegisterController.xib */ = {isa = PBXFileReference; fileEncoding = 4; lastKnownFileType = file.xib; path = RegisterController.xib; sourceTree = "<group>"; };
/* End PBXFileReference section */

/* Begin PBXFrameworksBuildPhase section */
		94D2674D1B0824F100F696B3 /* Frameworks */ = {
			isa = PBXFrameworksBuildPhase;
			buildActionMask = 2147483647;
			files = (
				94C936801B3EA91700CB072A /* libz.dylib in Frameworks */,
				94C936D31B3EE56C00CB072A /* libWeChatSDK.a in Frameworks */,
				94C9367E1B3EA90E00CB072A /* libstdc++.dylib in Frameworks */,
				94C9367C1B3EA90300CB072A /* CoreTelephony.framework in Frameworks */,
				94C936D41B3EE56C00CB072A /* libSocialWhatsapp.a in Frameworks */,
				94C936C11B3EE56B00CB072A /* libUMSocial_Sdk_4.2.3.a in Frameworks */,
				94C936CC1B3EE56B00CB072A /* libSocialLaiWang.a in Frameworks */,
				94C936CF1B3EE56C00CB072A /* TencentOpenAPI.framework in Frameworks */,
				94C9367A1B3EA8FA00CB072A /* libsqlite3.dylib in Frameworks */,
				94C936D11B3EE56C00CB072A /* libSocialTumblr.a in Frameworks */,
				94C936CB1B3EE56B00CB072A /* libSocialInstagram.a in Frameworks */,
				94C936781B3EA8E900CB072A /* CoreGraphics.framework in Frameworks */,
				94C936CD1B3EE56B00CB072A /* libSocialLine.a in Frameworks */,
				94C936761B3EA8E000CB072A /* SystemConfiguration.framework in Frameworks */,
				94C936D61B3EE56C00CB072A /* libYixinSDK_V2.2.a in Frameworks */,
				94C936D51B3EE56C00CB072A /* libSocialYiXin.a in Frameworks */,
				94C936741B3EA8D700CB072A /* libiconv.dylib in Frameworks */,
				94C936721B3EA8CC00CB072A /* Security.framework in Frameworks */,
				94C936D21B3EE56C00CB072A /* libSocialWechat.a in Frameworks */,
				94C936CE1B3EE56B00CB072A /* libSocialQQ.a in Frameworks */,
			);
			runOnlyForDeploymentPostprocessing = 0;
		};
		94D267661B0824F100F696B3 /* Frameworks */ = {
			isa = PBXFrameworksBuildPhase;
			buildActionMask = 2147483647;
			files = (
			);
			runOnlyForDeploymentPostprocessing = 0;
		};
/* End PBXFrameworksBuildPhase section */

/* Begin PBXGroup section */
		949994391B085AA3000FCB1C /* Controllers */ = {
			isa = PBXGroup;
			children = (
				9499943A1B085AA3000FCB1C /* ArticlesController.h */,
				9499943B1B085AA3000FCB1C /* ArticlesController.m */,
				949994661B0861A9000FCB1C /* WebViewController.h */,
				949994671B0861A9000FCB1C /* WebViewController.m */,
				94D2D6461B11713600432BCC /* RSSsController.h */,
				94D2D6471B11713600432BCC /* RSSsController.m */,
				94D4A0E61B1AD18500F2230E /* ArticleInfoController.h */,
				94D4A0E71B1AD18500F2230E /* ArticleInfoController.m */,
				94D4A0E81B1AD18500F2230E /* ArticleInfoController.xib */,
				94D4A0EB1B1ADE1E00F2230E /* CommentsController.h */,
				94D4A0EC1B1ADE1E00F2230E /* CommentsController.m */,
				94D4A0ED1B1ADE1E00F2230E /* CommentsController.xib */,
				94D75C4D1B23F1800077D255 /* LoginController.h */,
				94D75C4E1B23F1800077D255 /* LoginController.m */,
				94D75C4F1B23F1800077D255 /* LoginController.xib */,
				94D98E131B241BD700D80734 /* RegisterController.h */,
				94D98E141B241BD700D80734 /* RegisterController.m */,
				94D98E151B241BD700D80734 /* RegisterController.xib */,
				94255A161B2D55550057B0E1 /* CommentCell.h */,
				94255A171B2D55550057B0E1 /* CommentCell.m */,
				94255A181B2D55550057B0E1 /* CommentCell.xib */,
			);
			path = Controllers;
			sourceTree = "<group>";
		};
		9499943F1B085AA3000FCB1C /* Models */ = {
			isa = PBXGroup;
			children = (
				94D4A0DB1B1AA7C400F2230E /* RRConstant.h */,
				94D2D6401B11691100432BCC /* MyModels.h */,
				94D2D6411B11691100432BCC /* MyModels.m */,
				94D2D6431B1169F000432BCC /* RssManage.h */,
				94D2D6441B1169F000432BCC /* RssManage.m */,
				94D4A09E1B1A9DBF00F2230E /* CommentInfo.h */,
				94D4A09F1B1A9DBF00F2230E /* CommentInfo.m */,
				94D4A0D81B1AA73E00F2230E /* CommentServer.h */,
				94D4A0D91B1AA73E00F2230E /* CommentServer.m */,
				94D4A0DC1B1AB9AC00F2230E /* CommentList.h */,
				94D4A0DD1B1AB9AC00F2230E /* CommentList.m */,
				94D75C471B23E7F00077D255 /* UserServer.h */,
				94D75C481B23E7F00077D255 /* UserServer.m */,
				94D75C4A1B23E8110077D255 /* UserProfile.h */,
				94D75C4B1B23E8110077D255 /* UserProfile.m */,
			);
			path = Models;
			sourceTree = "<group>";
		};
		949994421B085ACD000FCB1C /* IDNFoundation */ = {
			isa = PBXGroup;
			children = (
				94D4A0A41B1AA0F300F2230E /* IDNNetwork.h */,
				94D4A0A51B1AA0F300F2230E /* IDNNetwork.m */,
				94D4A0A61B1AA0F300F2230E /* NSDictionary+IDNExtend.h */,
				94D4A0A71B1AA0F300F2230E /* NSDictionary+IDNExtend.m */,
				94D4A0A81B1AA0F300F2230E /* NSError+IDNExtend.h */,
				94D4A0A91B1AA0F300F2230E /* NSError+IDNExtend.m */,
				94D4A0AA1B1AA0F300F2230E /* Reachability.h */,
				94D4A0AB1B1AA0F300F2230E /* Reachability.m */,
				949994691B086D00000FCB1C /* IDNAsyncTask.h */,
				9499946A1B086D00000FCB1C /* IDNAsyncTask.m */,
				949994451B085ACD000FCB1C /* IDNFoundation.h */,
				949994461B085ACD000FCB1C /* NSData+IDNExtend.h */,
				949994471B085ACD000FCB1C /* NSData+IDNExtend.m */,
				949994481B085ACD000FCB1C /* NSDate+IDNExtend.h */,
				949994491B085ACD000FCB1C /* NSDate+IDNExtend.m */,
				9499944A1B085ACD000FCB1C /* NSFileManager+IDNExtend.h */,
				9499944B1B085ACE000FCB1C /* NSFileManager+IDNExtend.m */,
				9499944C1B085ACE000FCB1C /* NSPointerArray+IDNExtend.h */,
				9499944D1B085ACE000FCB1C /* NSPointerArray+IDNExtend.m */,
				9499944E1B085ACE000FCB1C /* NSString+IDNExtend.h */,
				9499944F1B085ACE000FCB1C /* NSString+IDNExtend.m */,
				94D4A0E31B1ABAE600F2230E /* IDNSegmentQuery.h */,
				94D4A0E41B1ABAE600F2230E /* IDNSegmentQuery.m */,
				9402348D1B3AEDCC00BAA390 /* IDNFileCache.h */,
				9402348E1B3AEDCC00BAA390 /* IDNFileCache.m */,
			);
			path = IDNFoundation;
			sourceTree = "<group>";
		};
		949994501B085ACE000FCB1C /* IDNKit */ = {
			isa = PBXGroup;
			children = (
				94255A041B2D11540057B0E1 /* IDNActivityIndicator.h */,
				94255A051B2D11540057B0E1 /* IDNActivityIndicator.m */,
				94255A061B2D11540057B0E1 /* IDNInputHelperView.h */,
				94255A071B2D11540057B0E1 /* IDNInputHelperView.m */,
				94255A081B2D11540057B0E1 /* IDNProgressView.h */,
				94255A091B2D11540057B0E1 /* IDNProgressView.m */,
				94255A0A1B2D11540057B0E1 /* IDNScanCodeView.h */,
				94255A0B1B2D11540057B0E1 /* IDNScanCodeView.m */,
				94255A0C1B2D11540057B0E1 /* IDNTopTabController.h */,
				94255A0D1B2D11540057B0E1 /* IDNTopTabController.m */,
				94255A0E1B2D11540057B0E1 /* UIView+IDNKeyboard.h */,
				94255A0F1B2D11540057B0E1 /* UIView+IDNKeyboard.m */,
				94D4A0B01B1AA10300F2230E /* IDNFrameView.h */,
				94D4A0B11B1AA10300F2230E /* IDNFrameView.m */,
				94D4A0B21B1AA10300F2230E /* IDNGradientView.h */,
				94D4A0B31B1AA10300F2230E /* IDNGradientView.m */,
				94D4A0B41B1AA10300F2230E /* IDNKit.h */,
				94D4A0B51B1AA10300F2230E /* IDNMainController.h */,
				94D4A0B61B1AA10300F2230E /* IDNMainController.m */,
				94D4A0B71B1AA10300F2230E /* IDNSearchBar.h */,
				94D4A0B81B1AA10300F2230E /* IDNSearchBar.m */,
				94D4A0B91B1AA10300F2230E /* IDNSideMenuController.h */,
				94D4A0BA1B1AA10300F2230E /* IDNSideMenuController.m */,
				94D4A0BB1B1AA10300F2230E /* IDNSplitMainController.h */,
				94D4A0BC1B1AA10300F2230E /* IDNSplitMainController.m */,
				94D4A0BD1B1AA10300F2230E /* IDNViewControllerAnimatedTransitioningLeftRight.h */,
				94D4A0BE1B1AA10300F2230E /* IDNViewControllerAnimatedTransitioningLeftRight.m */,
				94D4A0BF1B1AA10300F2230E /* UIPickerView+IDNTap.h */,
				94D4A0C01B1AA10300F2230E /* UIPickerView+IDNTap.m */,
				94D4A0C11B1AA10300F2230E /* UIScreen+IDNExtend.h */,
				94D4A0C21B1AA10300F2230E /* UIScreen+IDNExtend.m */,
				94D4A0C31B1AA10300F2230E /* UIView+IDNCountBadge.h */,
				94D4A0C41B1AA10300F2230E /* UIView+IDNCountBadge.m */,
				94D4A0C51B1AA10300F2230E /* UIView+IDNExtend.h */,
				94D4A0C61B1AA10300F2230E /* UIView+IDNExtend.m */,
				94D4A0C71B1AA10300F2230E /* UIViewController+IDNScreenAdapt.h */,
				94D4A0C81B1AA10300F2230E /* UIViewController+IDNScreenAdapt.m */,
				94D4A0C91B1AA10300F2230E /* UIViewController+IDNTransition.h */,
				94D4A0CA1B1AA10300F2230E /* UIViewController+IDNTransition.m */,
				949994511B085ACE000FCB1C /* IDNImagePickerController.h */,
				949994521B085ACE000FCB1C /* IDNImagePickerController.m */,
				949994531B085ACE000FCB1C /* IDNRefreshControl.h */,
				949994541B085ACE000FCB1C /* IDNRefreshControl.m */,
				949994551B085ACE000FCB1C /* UIBezierPath+IDNExtend.h */,
				949994561B085ACE000FCB1C /* UIBezierPath+IDNExtend.m */,
				949994571B085ACE000FCB1C /* UIImage+IDNExtend.h */,
				949994581B085ACE000FCB1C /* UIImage+IDNExtend.m */,
				949994591B085ACE000FCB1C /* UIViewController+IDNPrompt.h */,
				9499945A1B085ACE000FCB1C /* UIViewController+IDNPrompt.m */,
				94D75C521B23F7070077D255 /* IDNColorButton.h */,
				94D75C531B23F7070077D255 /* IDNColorButton.m */,
			);
			path = IDNKit;
			sourceTree = "<group>";
		};
		94C9362D1B3E9D4000CB072A /* IDNFeedParser */ = {
			isa = PBXGroup;
			children = (
				94C9362E1B3E9D4000CB072A /* GTMNSString+HTML.h */,
				94C9362F1B3E9D4000CB072A /* GTMNSString+HTML.m */,
				94C936301B3E9D4000CB072A /* IDNFeedParser.h */,
				94C936311B3E9D4000CB072A /* IDNFeedParser.m */,
				94C936321B3E9D4000CB072A /* NSDate+InternetDateTime.h */,
				94C936331B3E9D4000CB072A /* NSDate+InternetDateTime.m */,
				94C936341B3E9D4000CB072A /* NSString+HTML.h */,
				94C936351B3E9D4000CB072A /* NSString+HTML.m */,
			);
			path = IDNFeedParser;
			sourceTree = "<group>";
		};
		94C936831B3EE56B00CB072A /* UMSocial */ = {
			isa = PBXGroup;
			children = (
				94C936841B3EE56B00CB072A /* UMSocial_Sdk_4.2.3 */,
				94C9369F1B3EE56B00CB072A /* UMSocial_Sdk_Extra_Frameworks */,
			);
			path = UMSocial;
			sourceTree = "<group>";
		};
		94C936841B3EE56B00CB072A /* UMSocial_Sdk_4.2.3 */ = {
			isa = PBXGroup;
			children = (
				94C936851B3EE56B00CB072A /* UMSocialLocalizable.strings */,
				94C936871B3EE56B00CB072A /* Header */,
				94C936931B3EE56B00CB072A /* libUMSocial_Sdk_4.2.3.a */,
				94C936941B3EE56B00CB072A /* SocialSDKXib */,
				94C9369D1B3EE56B00CB072A /* UMSocialSDKResourcesNew.bundle */,
			);
			path = UMSocial_Sdk_4.2.3;
			sourceTree = "<group>";
		};
		94C936871B3EE56B00CB072A /* Header */ = {
			isa = PBXGroup;
			children = (
				94C936881B3EE56B00CB072A /* UMSocial.h */,
				94C936891B3EE56B00CB072A /* UMSocialAccountManager.h */,
				94C9368A1B3EE56B00CB072A /* UMSocialBar.h */,
				94C9368B1B3EE56B00CB072A /* UMSocialConfig.h */,
				94C9368C1B3EE56B00CB072A /* UMSocialControllerService.h */,
				94C9368D1B3EE56B00CB072A /* UMSocialControllerServiceComment.h */,
				94C9368E1B3EE56B00CB072A /* UMSocialData.h */,
				94C9368F1B3EE56B00CB072A /* UMSocialDataService.h */,
				94C936901B3EE56B00CB072A /* UMSocialSnsData.h */,
				94C936911B3EE56B00CB072A /* UMSocialSnsPlatformManager.h */,
				94C936921B3EE56B00CB072A /* UMSocialSnsService.h */,
			);
			path = Header;
			sourceTree = "<group>";
		};
		94C936941B3EE56B00CB072A /* SocialSDKXib */ = {
			isa = PBXGroup;
			children = (
				94C936951B3EE56B00CB072A /* UMSCommentDetailController.xib */,
				94C936961B3EE56B00CB072A /* UMSCommentInputController.xib */,
				94C936971B3EE56B00CB072A /* UMSCommentInputControlleriPad.xib */,
				94C936981B3EE56B00CB072A /* UMShareEditViewController.xib */,
				94C936991B3EE56B00CB072A /* UMShareEditViewControlleriPad.xib */,
				94C9369A1B3EE56B00CB072A /* UMSLoginViewController.xib */,
				94C9369B1B3EE56B00CB072A /* UMSnsAccountViewController.xib */,
				94C9369C1B3EE56B00CB072A /* UMSShareListController.xib */,
			);
			path = SocialSDKXib;
			sourceTree = "<group>";
		};
		94C9369F1B3EE56B00CB072A /* UMSocial_Sdk_Extra_Frameworks */ = {
			isa = PBXGroup;
			children = (
				94C936A01B3EE56B00CB072A /* Instagram */,
				94C936A31B3EE56B00CB072A /* LaiWang */,
				94C936A61B3EE56B00CB072A /* Line */,
				94C936A91B3EE56B00CB072A /* TencentOpenAPI */,
				94C936AE1B3EE56B00CB072A /* Tumblr */,
				94C936B11B3EE56B00CB072A /* Wechat */,
				94C936B71B3EE56B00CB072A /* Whatsapp */,
				94C936BA1B3EE56B00CB072A /* YiXin */,
			);
			path = UMSocial_Sdk_Extra_Frameworks;
			sourceTree = "<group>";
		};
		94C936A01B3EE56B00CB072A /* Instagram */ = {
			isa = PBXGroup;
			children = (
				94C936A11B3EE56B00CB072A /* libSocialInstagram.a */,
				94C936A21B3EE56B00CB072A /* UMSocialInstagramHandler.h */,
			);
			path = Instagram;
			sourceTree = "<group>";
		};
		94C936A31B3EE56B00CB072A /* LaiWang */ = {
			isa = PBXGroup;
			children = (
				94C936A41B3EE56B00CB072A /* libSocialLaiWang.a */,
				94C936A51B3EE56B00CB072A /* UMSocialLaiwangHandler.h */,
			);
			path = LaiWang;
			sourceTree = "<group>";
		};
		94C936A61B3EE56B00CB072A /* Line */ = {
			isa = PBXGroup;
			children = (
				94C936A71B3EE56B00CB072A /* libSocialLine.a */,
				94C936A81B3EE56B00CB072A /* UMSocialLineHandler.h */,
			);
			path = Line;
			sourceTree = "<group>";
		};
		94C936A91B3EE56B00CB072A /* TencentOpenAPI */ = {
			isa = PBXGroup;
			children = (
				94C936AA1B3EE56B00CB072A /* libSocialQQ.a */,
				94C936AB1B3EE56B00CB072A /* TencentOpenAPI.framework */,
				94C936AC1B3EE56B00CB072A /* TencentOpenApi_IOS_Bundle.bundle */,
				94C936AD1B3EE56B00CB072A /* UMSocialQQHandler.h */,
			);
			path = TencentOpenAPI;
			sourceTree = "<group>";
		};
		94C936AE1B3EE56B00CB072A /* Tumblr */ = {
			isa = PBXGroup;
			children = (
				94C936AF1B3EE56B00CB072A /* libSocialTumblr.a */,
				94C936B01B3EE56B00CB072A /* UMSocialTumblrHandler.h */,
			);
			path = Tumblr;
			sourceTree = "<group>";
		};
		94C936B11B3EE56B00CB072A /* Wechat */ = {
			isa = PBXGroup;
			children = (
				94C936B21B3EE56B00CB072A /* libSocialWechat.a */,
				94C936B31B3EE56B00CB072A /* libWeChatSDK.a */,
				94C936B41B3EE56B00CB072A /* UMSocialWechatHandler.h */,
				94C936B51B3EE56B00CB072A /* WXApi.h */,
				94C936B61B3EE56B00CB072A /* WXApiObject.h */,
			);
			path = Wechat;
			sourceTree = "<group>";
		};
		94C936B71B3EE56B00CB072A /* Whatsapp */ = {
			isa = PBXGroup;
			children = (
				94C936B81B3EE56B00CB072A /* libSocialWhatsapp.a */,
				94C936B91B3EE56B00CB072A /* UMSocialWhatsappHandler.h */,
			);
			path = Whatsapp;
			sourceTree = "<group>";
		};
		94C936BA1B3EE56B00CB072A /* YiXin */ = {
			isa = PBXGroup;
			children = (
				94C936BB1B3EE56B00CB072A /* libSocialYiXin.a */,
				94C936BC1B3EE56B00CB072A /* libYixinSDK_V2.2.a */,
				94C936BD1B3EE56B00CB072A /* UMSocialYiXinHandler.h */,
				94C936BE1B3EE56B00CB072A /* YXApi.h */,
				94C936BF1B3EE56B00CB072A /* YXApiObject.h */,
			);
			path = YiXin;
			sourceTree = "<group>";
		};
		94D267471B0824F100F696B3 = {
			isa = PBXGroup;
			children = (
				94D267521B0824F100F696B3 /* IDNRssReader */,
				94D2676C1B0824F100F696B3 /* IDNRssReaderTests */,
				94D267511B0824F100F696B3 /* Products */,
			);
			sourceTree = "<group>";
		};
		94D267511B0824F100F696B3 /* Products */ = {
			isa = PBXGroup;
			children = (
				94D267501B0824F100F696B3 /* IDNRssReader.app */,
				94D267691B0824F100F696B3 /* IDNRssReaderTests.xctest */,
			);
			name = Products;
			sourceTree = "<group>";
		};
		94D267521B0824F100F696B3 /* IDNRssReader */ = {
			isa = PBXGroup;
			children = (
				94C936831B3EE56B00CB072A /* UMSocial */,
				94C9362D1B3E9D4000CB072A /* IDNFeedParser */,
				949994421B085ACD000FCB1C /* IDNFoundation */,
				949994501B085ACE000FCB1C /* IDNKit */,
				9499943F1B085AA3000FCB1C /* Models */,
				949994391B085AA3000FCB1C /* Controllers */,
				94D267571B0824F100F696B3 /* AppDelegate.h */,
				94D267581B0824F100F696B3 /* AppDelegate.m */,
				94D267601B0824F100F696B3 /* Images.xcassets */,
				94D267621B0824F100F696B3 /* LaunchScreen.xib */,
				94D267531B0824F100F696B3 /* Supporting Files */,
			);
			path = IDNRssReader;
			sourceTree = "<group>";
		};
		94D267531B0824F100F696B3 /* Supporting Files */ = {
			isa = PBXGroup;
			children = (
				94C9367F1B3EA91700CB072A /* libz.dylib */,
				94C9367D1B3EA90E00CB072A /* libstdc++.dylib */,
				94C9367B1B3EA90300CB072A /* CoreTelephony.framework */,
				94C936791B3EA8FA00CB072A /* libsqlite3.dylib */,
				94C936771B3EA8E900CB072A /* CoreGraphics.framework */,
				94C936751B3EA8E000CB072A /* SystemConfiguration.framework */,
				94C936731B3EA8D700CB072A /* libiconv.dylib */,
				94C936711B3EA8CC00CB072A /* Security.framework */,
				94D267541B0824F100F696B3 /* Info.plist */,
				94D267551B0824F100F696B3 /* main.m */,
			);
			name = "Supporting Files";
			sourceTree = "<group>";
		};
		94D2676C1B0824F100F696B3 /* IDNRssReaderTests */ = {
			isa = PBXGroup;
			children = (
				94D2676F1B0824F100F696B3 /* IDNRssReaderTests.m */,
				94D2676D1B0824F100F696B3 /* Supporting Files */,
			);
			path = IDNRssReaderTests;
			sourceTree = "<group>";
		};
		94D2676D1B0824F100F696B3 /* Supporting Files */ = {
			isa = PBXGroup;
			children = (
				94D2676E1B0824F100F696B3 /* Info.plist */,
			);
			name = "Supporting Files";
			sourceTree = "<group>";
		};
/* End PBXGroup section */

/* Begin PBXNativeTarget section */
		94D2674F1B0824F100F696B3 /* IDNRssReader */ = {
			isa = PBXNativeTarget;
			buildConfigurationList = 94D267731B0824F100F696B3 /* Build configuration list for PBXNativeTarget "IDNRssReader" */;
			buildPhases = (
				94D2674C1B0824F100F696B3 /* Sources */,
				94D2674D1B0824F100F696B3 /* Frameworks */,
				94D2674E1B0824F100F696B3 /* Resources */,
			);
			buildRules = (
			);
			dependencies = (
			);
			name = IDNRssReader;
			productName = IDNRssReader;
			productReference = 94D267501B0824F100F696B3 /* IDNRssReader.app */;
			productType = "com.apple.product-type.application";
		};
		94D267681B0824F100F696B3 /* IDNRssReaderTests */ = {
			isa = PBXNativeTarget;
			buildConfigurationList = 94D267761B0824F100F696B3 /* Build configuration list for PBXNativeTarget "IDNRssReaderTests" */;
			buildPhases = (
				94D267651B0824F100F696B3 /* Sources */,
				94D267661B0824F100F696B3 /* Frameworks */,
				94D267671B0824F100F696B3 /* Resources */,
			);
			buildRules = (
			);
			dependencies = (
				94D2676B1B0824F100F696B3 /* PBXTargetDependency */,
			);
			name = IDNRssReaderTests;
			productName = IDNRssReaderTests;
			productReference = 94D267691B0824F100F696B3 /* IDNRssReaderTests.xctest */;
			productType = "com.apple.product-type.bundle.unit-test";
		};
/* End PBXNativeTarget section */

/* Begin PBXProject section */
		94D267481B0824F100F696B3 /* Project object */ = {
			isa = PBXProject;
			attributes = {
				LastUpgradeCheck = 0630;
				ORGANIZATIONNAME = iosdev.net;
				TargetAttributes = {
					94D2674F1B0824F100F696B3 = {
						CreatedOnToolsVersion = 6.3.1;
					};
					94D267681B0824F100F696B3 = {
						CreatedOnToolsVersion = 6.3.1;
						TestTargetID = 94D2674F1B0824F100F696B3;
					};
				};
			};
			buildConfigurationList = 94D2674B1B0824F100F696B3 /* Build configuration list for PBXProject "IDNRssReader" */;
			compatibilityVersion = "Xcode 3.2";
			developmentRegion = English;
			hasScannedForEncodings = 0;
			knownRegions = (
				en,
				Base,
				"zh-Hans",
			);
			mainGroup = 94D267471B0824F100F696B3;
			productRefGroup = 94D267511B0824F100F696B3 /* Products */;
			projectDirPath = "";
			projectRoot = "";
			targets = (
				94D2674F1B0824F100F696B3 /* IDNRssReader */,
				94D267681B0824F100F696B3 /* IDNRssReaderTests */,
			);
		};
/* End PBXProject section */

/* Begin PBXResourcesBuildPhase section */
		94D2674E1B0824F100F696B3 /* Resources */ = {
			isa = PBXResourcesBuildPhase;
			buildActionMask = 2147483647;
			files = (
				94C936C41B3EE56B00CB072A /* UMSCommentInputControlleriPad.xib in Resources */,
				94C936C81B3EE56B00CB072A /* UMSnsAccountViewController.xib in Resources */,
				94D4A0EA1B1AD18500F2230E /* ArticleInfoController.xib in Resources */,
				94D4A0EF1B1ADE1E00F2230E /* CommentsController.xib in Resources */,
				94D98E171B241BD700D80734 /* RegisterController.xib in Resources */,
				94D267641B0824F100F696B3 /* LaunchScreen.xib in Resources */,
				94D75C511B23F1800077D255 /* LoginController.xib in Resources */,
				94C936C61B3EE56B00CB072A /* UMShareEditViewControlleriPad.xib in Resources */,
				94C936C91B3EE56B00CB072A /* UMSShareListController.xib in Resources */,
				94C936C01B3EE56B00CB072A /* UMSocialLocalizable.strings in Resources */,
				94C936D01B3EE56C00CB072A /* TencentOpenApi_IOS_Bundle.bundle in Resources */,
				94C936C21B3EE56B00CB072A /* UMSCommentDetailController.xib in Resources */,
				94C936C31B3EE56B00CB072A /* UMSCommentInputController.xib in Resources */,
				94C936CA1B3EE56B00CB072A /* UMSocialSDKResourcesNew.bundle in Resources */,
				94D267611B0824F100F696B3 /* Images.xcassets in Resources */,
				94C936C51B3EE56B00CB072A /* UMShareEditViewController.xib in Resources */,
				94255A1A1B2D55550057B0E1 /* CommentCell.xib in Resources */,
				94C936C71B3EE56B00CB072A /* UMSLoginViewController.xib in Resources */,
			);
			runOnlyForDeploymentPostprocessing = 0;
		};
		94D267671B0824F100F696B3 /* Resources */ = {
			isa = PBXResourcesBuildPhase;
			buildActionMask = 2147483647;
			files = (
			);
			runOnlyForDeploymentPostprocessing = 0;
		};
/* End PBXResourcesBuildPhase section */

/* Begin PBXSourcesBuildPhase section */
		94D2674C1B0824F100F696B3 /* Sources */ = {
			isa = PBXSourcesBuildPhase;
			buildActionMask = 2147483647;
			files = (
				94D4A0E51B1ABAE600F2230E /* IDNSegmentQuery.m in Sources */,
				949994641B085ACE000FCB1C /* UIImage+IDNExtend.m in Sources */,
				94C936371B3E9D4000CB072A /* IDNFeedParser.m in Sources */,
				94D4A0CF1B1AA10300F2230E /* IDNSideMenuController.m in Sources */,
				94D4A0D21B1AA10300F2230E /* UIPickerView+IDNTap.m in Sources */,
				94255A101B2D11540057B0E1 /* IDNActivityIndicator.m in Sources */,
				94D75C4C1B23E8110077D255 /* UserProfile.m in Sources */,
				949994681B0861A9000FCB1C /* WebViewController.m in Sources */,
				94D4A0D61B1AA10300F2230E /* UIViewController+IDNScreenAdapt.m in Sources */,
				94D4A0AE1B1AA0F300F2230E /* NSError+IDNExtend.m in Sources */,
				94D4A0AF1B1AA0F300F2230E /* Reachability.m in Sources */,
				94D4A0DA1B1AA73E00F2230E /* CommentServer.m in Sources */,
				94D4A0AC1B1AA0F300F2230E /* IDNNetwork.m in Sources */,
				94D2D6421B11691100432BCC /* MyModels.m in Sources */,
				94D267591B0824F100F696B3 /* AppDelegate.m in Sources */,
				949994631B085ACE000FCB1C /* UIBezierPath+IDNExtend.m in Sources */,
				94255A111B2D11540057B0E1 /* IDNInputHelperView.m in Sources */,
				94D98E161B241BD700D80734 /* RegisterController.m in Sources */,
				949994601B085ACE000FCB1C /* NSString+IDNExtend.m in Sources */,
				94C936381B3E9D4000CB072A /* NSDate+InternetDateTime.m in Sources */,
				94C936361B3E9D4000CB072A /* GTMNSString+HTML.m in Sources */,
				94D4A0E91B1AD18500F2230E /* ArticleInfoController.m in Sources */,
				94D75C541B23F7070077D255 /* IDNColorButton.m in Sources */,
				94D4A0D41B1AA10300F2230E /* UIView+IDNCountBadge.m in Sources */,
				94D4A0CD1B1AA10300F2230E /* IDNMainController.m in Sources */,
				949994621B085ACE000FCB1C /* IDNRefreshControl.m in Sources */,
				9499945E1B085ACE000FCB1C /* NSFileManager+IDNExtend.m in Sources */,
				94D2D6481B11713600432BCC /* RSSsController.m in Sources */,
				94D4A0D71B1AA10300F2230E /* UIViewController+IDNTransition.m in Sources */,
				9499945D1B085ACE000FCB1C /* NSDate+IDNExtend.m in Sources */,
				94255A151B2D11540057B0E1 /* UIView+IDNKeyboard.m in Sources */,
				94D4A0A01B1A9DBF00F2230E /* CommentInfo.m in Sources */,
				94D4A0EE1B1ADE1E00F2230E /* CommentsController.m in Sources */,
				94255A121B2D11540057B0E1 /* IDNProgressView.m in Sources */,
				94D4A0D51B1AA10300F2230E /* UIView+IDNExtend.m in Sources */,
				94D4A0CC1B1AA10300F2230E /* IDNGradientView.m in Sources */,
				949994651B085ACE000FCB1C /* UIViewController+IDNPrompt.m in Sources */,
				949994611B085ACE000FCB1C /* IDNImagePickerController.m in Sources */,
				94D75C491B23E7F00077D255 /* UserServer.m in Sources */,
				9402348F1B3AEDCC00BAA390 /* IDNFileCache.m in Sources */,
				94D4A0D11B1AA10300F2230E /* IDNViewControllerAnimatedTransitioningLeftRight.m in Sources */,
				94D4A0D31B1AA10300F2230E /* UIScreen+IDNExtend.m in Sources */,
				949994401B085AA3000FCB1C /* ArticlesController.m in Sources */,
				94D4A0D01B1AA10300F2230E /* IDNSplitMainController.m in Sources */,
				94255A191B2D55550057B0E1 /* CommentCell.m in Sources */,
				94D2D6451B1169F000432BCC /* RssManage.m in Sources */,
				94D75C501B23F1800077D255 /* LoginController.m in Sources */,
				94D4A0DE1B1AB9AC00F2230E /* CommentList.m in Sources */,
				94D4A0CE1B1AA10300F2230E /* IDNSearchBar.m in Sources */,
				94D4A0CB1B1AA10300F2230E /* IDNFrameView.m in Sources */,
				9499945C1B085ACE000FCB1C /* NSData+IDNExtend.m in Sources */,
				94C936391B3E9D4000CB072A /* NSString+HTML.m in Sources */,
				94D267561B0824F100F696B3 /* main.m in Sources */,
				94D4A0AD1B1AA0F300F2230E /* NSDictionary+IDNExtend.m in Sources */,
				9499946B1B086D00000FCB1C /* IDNAsyncTask.m in Sources */,
				9499945F1B085ACE000FCB1C /* NSPointerArray+IDNExtend.m in Sources */,
				94255A131B2D11540057B0E1 /* IDNScanCodeView.m in Sources */,
				94255A141B2D11540057B0E1 /* IDNTopTabController.m in Sources */,
			);
			runOnlyForDeploymentPostprocessing = 0;
		};
		94D267651B0824F100F696B3 /* Sources */ = {
			isa = PBXSourcesBuildPhase;
			buildActionMask = 2147483647;
			files = (
				94D267701B0824F100F696B3 /* IDNRssReaderTests.m in Sources */,
			);
			runOnlyForDeploymentPostprocessing = 0;
		};
/* End PBXSourcesBuildPhase section */

/* Begin PBXTargetDependency section */
		94D2676B1B0824F100F696B3 /* PBXTargetDependency */ = {
			isa = PBXTargetDependency;
			target = 94D2674F1B0824F100F696B3 /* IDNRssReader */;
			targetProxy = 94D2676A1B0824F100F696B3 /* PBXContainerItemProxy */;
		};
/* End PBXTargetDependency section */

/* Begin PBXVariantGroup section */
		94C936851B3EE56B00CB072A /* UMSocialLocalizable.strings */ = {
			isa = PBXVariantGroup;
			children = (
				94C936861B3EE56B00CB072A /* en */,
				94C9369E1B3EE56B00CB072A /* zh-Hans */,
			);
			name = UMSocialLocalizable.strings;
			sourceTree = "<group>";
		};
		94D267621B0824F100F696B3 /* LaunchScreen.xib */ = {
			isa = PBXVariantGroup;
			children = (
				94D267631B0824F100F696B3 /* Base */,
			);
			name = LaunchScreen.xib;
			sourceTree = "<group>";
		};
/* End PBXVariantGroup section */

/* Begin XCBuildConfiguration section */
		94D267711B0824F100F696B3 /* Debug */ = {
			isa = XCBuildConfiguration;
			buildSettings = {
				ALWAYS_SEARCH_USER_PATHS = NO;
				CLANG_CXX_LANGUAGE_STANDARD = "gnu++0x";
				CLANG_CXX_LIBRARY = "libc++";
				CLANG_ENABLE_MODULES = YES;
				CLANG_ENABLE_OBJC_ARC = YES;
				CLANG_WARN_BOOL_CONVERSION = YES;
				CLANG_WARN_CONSTANT_CONVERSION = YES;
				CLANG_WARN_DIRECT_OBJC_ISA_USAGE = YES_ERROR;
				CLANG_WARN_EMPTY_BODY = YES;
				CLANG_WARN_ENUM_CONVERSION = YES;
				CLANG_WARN_INT_CONVERSION = YES;
				CLANG_WARN_OBJC_ROOT_CLASS = YES_ERROR;
				CLANG_WARN_UNREACHABLE_CODE = YES;
				CLANG_WARN__DUPLICATE_METHOD_MATCH = YES;
				"CODE_SIGN_IDENTITY[sdk=iphoneos*]" = "iPhone Developer";
				COPY_PHASE_STRIP = NO;
				DEBUG_INFORMATION_FORMAT = "dwarf-with-dsym";
				ENABLE_STRICT_OBJC_MSGSEND = YES;
				GCC_C_LANGUAGE_STANDARD = gnu99;
				GCC_DYNAMIC_NO_PIC = NO;
				GCC_NO_COMMON_BLOCKS = YES;
				GCC_OPTIMIZATION_LEVEL = 0;
				GCC_PREPROCESSOR_DEFINITIONS = (
					"DEBUG=1",
					"$(inherited)",
				);
				GCC_SYMBOLS_PRIVATE_EXTERN = NO;
				GCC_WARN_64_TO_32_BIT_CONVERSION = YES;
				GCC_WARN_ABOUT_RETURN_TYPE = YES_ERROR;
				GCC_WARN_UNDECLARED_SELECTOR = YES;
				GCC_WARN_UNINITIALIZED_AUTOS = YES_AGGRESSIVE;
				GCC_WARN_UNUSED_FUNCTION = YES;
				GCC_WARN_UNUSED_VARIABLE = YES;
				IPHONEOS_DEPLOYMENT_TARGET = 8.3;
				MTL_ENABLE_DEBUG_INFO = YES;
				ONLY_ACTIVE_ARCH = YES;
				SDKROOT = iphoneos;
			};
			name = Debug;
		};
		94D267721B0824F100F696B3 /* Release */ = {
			isa = XCBuildConfiguration;
			buildSettings = {
				ALWAYS_SEARCH_USER_PATHS = NO;
				CLANG_CXX_LANGUAGE_STANDARD = "gnu++0x";
				CLANG_CXX_LIBRARY = "libc++";
				CLANG_ENABLE_MODULES = YES;
				CLANG_ENABLE_OBJC_ARC = YES;
				CLANG_WARN_BOOL_CONVERSION = YES;
				CLANG_WARN_CONSTANT_CONVERSION = YES;
				CLANG_WARN_DIRECT_OBJC_ISA_USAGE = YES_ERROR;
				CLANG_WARN_EMPTY_BODY = YES;
				CLANG_WARN_ENUM_CONVERSION = YES;
				CLANG_WARN_INT_CONVERSION = YES;
				CLANG_WARN_OBJC_ROOT_CLASS = YES_ERROR;
				CLANG_WARN_UNREACHABLE_CODE = YES;
				CLANG_WARN__DUPLICATE_METHOD_MATCH = YES;
				"CODE_SIGN_IDENTITY[sdk=iphoneos*]" = "iPhone Developer";
				COPY_PHASE_STRIP = NO;
				DEBUG_INFORMATION_FORMAT = "dwarf-with-dsym";
				ENABLE_NS_ASSERTIONS = NO;
				ENABLE_STRICT_OBJC_MSGSEND = YES;
				GCC_C_LANGUAGE_STANDARD = gnu99;
				GCC_NO_COMMON_BLOCKS = YES;
				GCC_WARN_64_TO_32_BIT_CONVERSION = YES;
				GCC_WARN_ABOUT_RETURN_TYPE = YES_ERROR;
				GCC_WARN_UNDECLARED_SELECTOR = YES;
				GCC_WARN_UNINITIALIZED_AUTOS = YES_AGGRESSIVE;
				GCC_WARN_UNUSED_FUNCTION = YES;
				GCC_WARN_UNUSED_VARIABLE = YES;
				IPHONEOS_DEPLOYMENT_TARGET = 8.3;
				MTL_ENABLE_DEBUG_INFO = NO;
				SDKROOT = iphoneos;
				VALIDATE_PRODUCT = YES;
			};
			name = Release;
		};
		94D267741B0824F100F696B3 /* Debug */ = {
			isa = XCBuildConfiguration;
			buildSettings = {
				ASSETCATALOG_COMPILER_APPICON_NAME = AppIcon;
				ASSETCATALOG_COMPILER_LAUNCHIMAGE_NAME = "LaunchImage-2";
				FRAMEWORK_SEARCH_PATHS = (
					"$(inherited)",
					"$(PROJECT_DIR)/IDNRssReader/UMSocial_Sdk_Extra_Frameworks/TencentOpenAPI",
					"$(PROJECT_DIR)/IDNRssReader/UMSocial/UMSocial_Sdk_Extra_Frameworks/TencentOpenAPI",
				);
				INFOPLIST_FILE = IDNRssReader/Info.plist;
				IPHONEOS_DEPLOYMENT_TARGET = 7.0;
				LD_RUNPATH_SEARCH_PATHS = "$(inherited) @executable_path/Frameworks";
				LIBRARY_SEARCH_PATHS = (
					"$(inherited)",
					"$(PROJECT_DIR)/IDNRssReader/UMSocial_Sdk_4.2.3",
					"$(PROJECT_DIR)/IDNRssReader/UMSocial_Sdk_Extra_Frameworks/TencentOpenAPI",
					"$(PROJECT_DIR)/IDNRssReader/UMSocial_Sdk_Extra_Frameworks/Wechat",
					"$(PROJECT_DIR)/IDNRssReader/UMSocial/UMSocial_Sdk_4.2.3",
					"$(PROJECT_DIR)/IDNRssReader/UMSocial/UMSocial_Sdk_Extra_Frameworks/Instagram",
					"$(PROJECT_DIR)/IDNRssReader/UMSocial/UMSocial_Sdk_Extra_Frameworks/LaiWang",
					"$(PROJECT_DIR)/IDNRssReader/UMSocial/UMSocial_Sdk_Extra_Frameworks/Line",
					"$(PROJECT_DIR)/IDNRssReader/UMSocial/UMSocial_Sdk_Extra_Frameworks/TencentOpenAPI",
					"$(PROJECT_DIR)/IDNRssReader/UMSocial/UMSocial_Sdk_Extra_Frameworks/Tumblr",
					"$(PROJECT_DIR)/IDNRssReader/UMSocial/UMSocial_Sdk_Extra_Frameworks/Wechat",
					"$(PROJECT_DIR)/IDNRssReader/UMSocial/UMSocial_Sdk_Extra_Frameworks/Whatsapp",
					"$(PROJECT_DIR)/IDNRssReader/UMSocial/UMSocial_Sdk_Extra_Frameworks/YiXin",
				);
				OTHER_LDFLAGS = "";
				PRODUCT_NAME = "$(TARGET_NAME)";
			};
			name = Debug;
		};
		94D267751B0824F100F696B3 /* Release */ = {
			isa = XCBuildConfiguration;
			buildSettings = {
				ASSETCATALOG_COMPILER_APPICON_NAME = AppIcon;
				ASSETCATALOG_COMPILER_LAUNCHIMAGE_NAME = "LaunchImage-2";
				FRAMEWORK_SEARCH_PATHS = (
					"$(inherited)",
					"$(PROJECT_DIR)/IDNRssReader/UMSocial_Sdk_Extra_Frameworks/TencentOpenAPI",
					"$(PROJECT_DIR)/IDNRssReader/UMSocial/UMSocial_Sdk_Extra_Frameworks/TencentOpenAPI",
				);
				INFOPLIST_FILE = IDNRssReader/Info.plist;
				IPHONEOS_DEPLOYMENT_TARGET = 7.0;
				LD_RUNPATH_SEARCH_PATHS = "$(inherited) @executable_path/Frameworks";
				LIBRARY_SEARCH_PATHS = (
					"$(inherited)",
					"$(PROJECT_DIR)/IDNRssReader/UMSocial_Sdk_4.2.3",
					"$(PROJECT_DIR)/IDNRssReader/UMSocial_Sdk_Extra_Frameworks/TencentOpenAPI",
					"$(PROJECT_DIR)/IDNRssReader/UMSocial_Sdk_Extra_Frameworks/Wechat",
					"$(PROJECT_DIR)/IDNRssReader/UMSocial/UMSocial_Sdk_4.2.3",
					"$(PROJECT_DIR)/IDNRssReader/UMSocial/UMSocial_Sdk_Extra_Frameworks/Instagram",
					"$(PROJECT_DIR)/IDNRssReader/UMSocial/UMSocial_Sdk_Extra_Frameworks/LaiWang",
					"$(PROJECT_DIR)/IDNRssReader/UMSocial/UMSocial_Sdk_Extra_Frameworks/Line",
					"$(PROJECT_DIR)/IDNRssReader/UMSocial/UMSocial_Sdk_Extra_Frameworks/TencentOpenAPI",
					"$(PROJECT_DIR)/IDNRssReader/UMSocial/UMSocial_Sdk_Extra_Frameworks/Tumblr",
					"$(PROJECT_DIR)/IDNRssReader/UMSocial/UMSocial_Sdk_Extra_Frameworks/Wechat",
					"$(PROJECT_DIR)/IDNRssReader/UMSocial/UMSocial_Sdk_Extra_Frameworks/Whatsapp",
					"$(PROJECT_DIR)/IDNRssReader/UMSocial/UMSocial_Sdk_Extra_Frameworks/YiXin",
				);
				OTHER_LDFLAGS = "";
				PRODUCT_NAME = "$(TARGET_NAME)";
			};
			name = Release;
		};
		94D267771B0824F100F696B3 /* Debug */ = {
			isa = XCBuildConfiguration;
			buildSettings = {
				BUNDLE_LOADER = "$(TEST_HOST)";
				FRAMEWORK_SEARCH_PATHS = (
					"$(SDKROOT)/Developer/Library/Frameworks",
					"$(inherited)",
				);
				GCC_PREPROCESSOR_DEFINITIONS = (
					"DEBUG=1",
					"$(inherited)",
				);
				INFOPLIST_FILE = IDNRssReaderTests/Info.plist;
				LD_RUNPATH_SEARCH_PATHS = "$(inherited) @executable_path/Frameworks @loader_path/Frameworks";
				PRODUCT_NAME = "$(TARGET_NAME)";
				TEST_HOST = "$(BUILT_PRODUCTS_DIR)/IDNRssReader.app/IDNRssReader";
			};
			name = Debug;
		};
		94D267781B0824F100F696B3 /* Release */ = {
			isa = XCBuildConfiguration;
			buildSettings = {
				BUNDLE_LOADER = "$(TEST_HOST)";
				FRAMEWORK_SEARCH_PATHS = (
					"$(SDKROOT)/Developer/Library/Frameworks",
					"$(inherited)",
				);
				INFOPLIST_FILE = IDNRssReaderTests/Info.plist;
				LD_RUNPATH_SEARCH_PATHS = "$(inherited) @executable_path/Frameworks @loader_path/Frameworks";
				PRODUCT_NAME = "$(TARGET_NAME)";
				TEST_HOST = "$(BUILT_PRODUCTS_DIR)/IDNRssReader.app/IDNRssReader";
			};
			name = Release;
		};
/* End XCBuildConfiguration section */

/* Begin XCConfigurationList section */
		94D2674B1B0824F100F696B3 /* Build configuration list for PBXProject "IDNRssReader" */ = {
			isa = XCConfigurationList;
			buildConfigurations = (
				94D267711B0824F100F696B3 /* Debug */,
				94D267721B0824F100F696B3 /* Release */,
			);
			defaultConfigurationIsVisible = 0;
			defaultConfigurationName = Release;
		};
		94D267731B0824F100F696B3 /* Build configuration list for PBXNativeTarget "IDNRssReader" */ = {
			isa = XCConfigurationList;
			buildConfigurations = (
				94D267741B0824F100F696B3 /* Debug */,
				94D267751B0824F100F696B3 /* Release */,
			);
			defaultConfigurationIsVisible = 0;
			defaultConfigurationName = Release;
		};
		94D267761B0824F100F696B3 /* Build configuration list for PBXNativeTarget "IDNRssReaderTests" */ = {
			isa = XCConfigurationList;
			buildConfigurations = (
				94D267771B0824F100F696B3 /* Debug */,
				94D267781B0824F100F696B3 /* Release */,
			);
			defaultConfigurationIsVisible = 0;
			defaultConfigurationName = Release;
		};
/* End XCConfigurationList section */
	};
	rootObject = 94D267481B0824F100F696B3 /* Project object */;
}
