// !$*UTF8*$!
{
	archiveVersion = 1;
	classes = {
	};
	objectVersion = 46;
	objects = {

/* Begin PBXBuildFile section */
		949994401B085AA3000FCB1C /* ArticlesController.m in Sources */ = {isa = PBXBuildFile; fileRef = 9499943B1B085AA3000FCB1C /* ArticlesController.m */; };
		9499945B1B085ACE000FCB1C /* IDNFeedParser.m in Sources */ = {isa = PBXBuildFile; fileRef = 949994441B085ACD000FCB1C /* IDNFeedParser.m */; };
		9499945C1B085ACE000FCB1C /* NSData+IDNExtend.m in Sources */ = {isa = PBXBuildFile; fileRef = 949994471B085ACD000FCB1C /* NSData+IDNExtend.m */; };
		9499945D1B085ACE000FCB1C /* NSDate+IDNExtend.m in Sources */ = {isa = PBXBuildFile; fileRef = 949994491B085ACD000FCB1C /* NSDate+IDNExtend.m */; };
		9499945E1B085ACE000FCB1C /* NSFileManager+IDNExtend.m in Sources */ = {isa = PBXBuildFile; fileRef = 9499944B1B085ACE000FCB1C /* NSFileManager+IDNExtend.m */; };
		9499945F1B085ACE000FCB1C /* NSPointerArray+IDNExtend.m in Sources */ = {isa = PBXBuildFile; fileRef = 9499944D1B085ACE000FCB1C /* NSPointerArray+IDNExtend.m */; };
		949994601B085ACE000FCB1C /* NSString+IDNExtend.m in Sources */ = {isa = PBXBuildFile; fileRef = 9499944F1B085ACE000FCB1C /* NSString+IDNExtend.m */; };
		949994611B085ACE000FCB1C /* IDNImagePickerController.m in Sources */ = {isa = PBXBuildFile; fileRef = 949994521B085ACE000FCB1C /* IDNImagePickerController.m */; };
		949994621B085ACE000FCB1C /* IDNRefreshControl.m in Sources */ = {isa = PBXBuildFile; fileRef = 949994541B085ACE000FCB1C /* IDNRefreshControl.m */; };
		949994631B085ACE000FCB1C /* UIBezierPath+IDNExtend.m in Sources */ = {isa = PBXBuildFile; fileRef = 949994561B085ACE000FCB1C /* UIBezierPath+IDNExtend.m */; };
		949994641B085ACE000FCB1C /* UIImage+IDNExtend.m in Sources */ = {isa = PBXBuildFile; fileRef = 949994581B085ACE000FCB1C /* UIImage+IDNExtend.m */; };
		949994651B085ACE000FCB1C /* UIViewController+IDNPrompt.m in Sources */ = {isa = PBXBuildFile; fileRef = 9499945A1B085ACE000FCB1C /* UIViewController+IDNPrompt.m */; };
		949994681B0861A9000FCB1C /* WebViewController.m in Sources */ = {isa = PBXBuildFile; fileRef = 949994671B0861A9000FCB1C /* WebViewController.m */; };
		9499946B1B086D00000FCB1C /* IDNAsyncTask.m in Sources */ = {isa = PBXBuildFile; fileRef = 9499946A1B086D00000FCB1C /* IDNAsyncTask.m */; };
		94D267561B0824F100F696B3 /* main.m in Sources */ = {isa = PBXBuildFile; fileRef = 94D267551B0824F100F696B3 /* main.m */; };
		94D267591B0824F100F696B3 /* AppDelegate.m in Sources */ = {isa = PBXBuildFile; fileRef = 94D267581B0824F100F696B3 /* AppDelegate.m */; };
		94D267611B0824F100F696B3 /* Images.xcassets in Resources */ = {isa = PBXBuildFile; fileRef = 94D267601B0824F100F696B3 /* Images.xcassets */; };
		94D267641B0824F100F696B3 /* LaunchScreen.xib in Resources */ = {isa = PBXBuildFile; fileRef = 94D267621B0824F100F696B3 /* LaunchScreen.xib */; };
		94D267701B0824F100F696B3 /* IDNRssReaderTests.m in Sources */ = {isa = PBXBuildFile; fileRef = 94D2676F1B0824F100F696B3 /* IDNRssReaderTests.m */; };
		94D267811B08259200F696B3 /* MWFeedInfo.m in Sources */ = {isa = PBXBuildFile; fileRef = 94D2677B1B08259200F696B3 /* MWFeedInfo.m */; };
		94D267821B08259200F696B3 /* MWFeedItem.m in Sources */ = {isa = PBXBuildFile; fileRef = 94D2677D1B08259200F696B3 /* MWFeedItem.m */; };
		94D267831B08259200F696B3 /* MWFeedParser.m in Sources */ = {isa = PBXBuildFile; fileRef = 94D2677F1B08259200F696B3 /* MWFeedParser.m */; };
		94D267881B0825CF00F696B3 /* NSString+HTML.m in Sources */ = {isa = PBXBuildFile; fileRef = 94D267851B0825CF00F696B3 /* NSString+HTML.m */; };
		94D267891B0825CF00F696B3 /* NSDate+InternetDateTime.m in Sources */ = {isa = PBXBuildFile; fileRef = 94D267871B0825CF00F696B3 /* NSDate+InternetDateTime.m */; };
		94D2678C1B0825F200F696B3 /* GTMNSString+HTML.m in Sources */ = {isa = PBXBuildFile; fileRef = 94D2678B1B0825F200F696B3 /* GTMNSString+HTML.m */; };
		94D2D6421B11691100432BCC /* MyModels.m in Sources */ = {isa = PBXBuildFile; fileRef = 94D2D6411B11691100432BCC /* MyModels.m */; };
		94D2D6451B1169F000432BCC /* RssManage.m in Sources */ = {isa = PBXBuildFile; fileRef = 94D2D6441B1169F000432BCC /* RssManage.m */; };
		94D2D6481B11713600432BCC /* RSSsController.m in Sources */ = {isa = PBXBuildFile; fileRef = 94D2D6471B11713600432BCC /* RSSsController.m */; };
/* End PBXBuildFile section */

/* Begin PBXContainerItemProxy section */
		94D2676A1B0824F100F696B3 /* PBXContainerItemProxy */ = {
			isa = PBXContainerItemProxy;
			containerPortal = 94D267481B0824F100F696B3 /* Project object */;
			proxyType = 1;
			remoteGlobalIDString = 94D2674F1B0824F100F696B3;
			remoteInfo = IDNRssReader;
		};
/* End PBXContainerItemProxy section */

/* Begin PBXFileReference section */
		9499943A1B085AA3000FCB1C /* ArticlesController.h */ = {isa = PBXFileReference; fileEncoding = 4; lastKnownFileType = sourcecode.c.h; path = ArticlesController.h; sourceTree = "<group>"; };
		9499943B1B085AA3000FCB1C /* ArticlesController.m */ = {isa = PBXFileReference; fileEncoding = 4; lastKnownFileType = sourcecode.c.objc; path = ArticlesController.m; sourceTree = "<group>"; };
		949994431B085ACD000FCB1C /* IDNFeedParser.h */ = {isa = PBXFileReference; fileEncoding = 4; lastKnownFileType = sourcecode.c.h; path = IDNFeedParser.h; sourceTree = "<group>"; };
		949994441B085ACD000FCB1C /* IDNFeedParser.m */ = {isa = PBXFileReference; fileEncoding = 4; lastKnownFileType = sourcecode.c.objc; path = IDNFeedParser.m; sourceTree = "<group>"; };
		949994451B085ACD000FCB1C /* IDNFoundation.h */ = {isa = PBXFileReference; fileEncoding = 4; lastKnownFileType = sourcecode.c.h; path = IDNFoundation.h; sourceTree = "<group>"; };
		949994461B085ACD000FCB1C /* NSData+IDNExtend.h */ = {isa = PBXFileReference; fileEncoding = 4; lastKnownFileType = sourcecode.c.h; path = "NSData+IDNExtend.h"; sourceTree = "<group>"; };
		949994471B085ACD000FCB1C /* NSData+IDNExtend.m */ = {isa = PBXFileReference; fileEncoding = 4; lastKnownFileType = sourcecode.c.objc; path = "NSData+IDNExtend.m"; sourceTree = "<group>"; };
		949994481B085ACD000FCB1C /* NSDate+IDNExtend.h */ = {isa = PBXFileReference; fileEncoding = 4; lastKnownFileType = sourcecode.c.h; path = "NSDate+IDNExtend.h"; sourceTree = "<group>"; };
		949994491B085ACD000FCB1C /* NSDate+IDNExtend.m */ = {isa = PBXFileReference; fileEncoding = 4; lastKnownFileType = sourcecode.c.objc; path = "NSDate+IDNExtend.m"; sourceTree = "<group>"; };
		9499944A1B085ACD000FCB1C /* NSFileManager+IDNExtend.h */ = {isa = PBXFileReference; fileEncoding = 4; lastKnownFileType = sourcecode.c.h; path = "NSFileManager+IDNExtend.h"; sourceTree = "<group>"; };
		9499944B1B085ACE000FCB1C /* NSFileManager+IDNExtend.m */ = {isa = PBXFileReference; fileEncoding = 4; lastKnownFileType = sourcecode.c.objc; path = "NSFileManager+IDNExtend.m"; sourceTree = "<group>"; };
		9499944C1B085ACE000FCB1C /* NSPointerArray+IDNExtend.h */ = {isa = PBXFileReference; fileEncoding = 4; lastKnownFileType = sourcecode.c.h; path = "NSPointerArray+IDNExtend.h"; sourceTree = "<group>"; };
		9499944D1B085ACE000FCB1C /* NSPointerArray+IDNExtend.m */ = {isa = PBXFileReference; fileEncoding = 4; lastKnownFileType = sourcecode.c.objc; path = "NSPointerArray+IDNExtend.m"; sourceTree = "<group>"; };
		9499944E1B085ACE000FCB1C /* NSString+IDNExtend.h */ = {isa = PBXFileReference; fileEncoding = 4; lastKnownFileType = sourcecode.c.h; path = "NSString+IDNExtend.h"; sourceTree = "<group>"; };
		9499944F1B085ACE000FCB1C /* NSString+IDNExtend.m */ = {isa = PBXFileReference; fileEncoding = 4; lastKnownFileType = sourcecode.c.objc; path = "NSString+IDNExtend.m"; sourceTree = "<group>"; };
		949994511B085ACE000FCB1C /* IDNImagePickerController.h */ = {isa = PBXFileReference; fileEncoding = 4; lastKnownFileType = sourcecode.c.h; path = IDNImagePickerController.h; sourceTree = "<group>"; };
		949994521B085ACE000FCB1C /* IDNImagePickerController.m */ = {isa = PBXFileReference; fileEncoding = 4; lastKnownFileType = sourcecode.c.objc; path = IDNImagePickerController.m; sourceTree = "<group>"; };
		949994531B085ACE000FCB1C /* IDNRefreshControl.h */ = {isa = PBXFileReference; fileEncoding = 4; lastKnownFileType = sourcecode.c.h; path = IDNRefreshControl.h; sourceTree = "<group>"; };
		949994541B085ACE000FCB1C /* IDNRefreshControl.m */ = {isa = PBXFileReference; fileEncoding = 4; lastKnownFileType = sourcecode.c.objc; path = IDNRefreshControl.m; sourceTree = "<group>"; };
		949994551B085ACE000FCB1C /* UIBezierPath+IDNExtend.h */ = {isa = PBXFileReference; fileEncoding = 4; lastKnownFileType = sourcecode.c.h; path = "UIBezierPath+IDNExtend.h"; sourceTree = "<group>"; };
		949994561B085ACE000FCB1C /* UIBezierPath+IDNExtend.m */ = {isa = PBXFileReference; fileEncoding = 4; lastKnownFileType = sourcecode.c.objc; path = "UIBezierPath+IDNExtend.m"; sourceTree = "<group>"; };
		949994571B085ACE000FCB1C /* UIImage+IDNExtend.h */ = {isa = PBXFileReference; fileEncoding = 4; lastKnownFileType = sourcecode.c.h; path = "UIImage+IDNExtend.h"; sourceTree = "<group>"; };
		949994581B085ACE000FCB1C /* UIImage+IDNExtend.m */ = {isa = PBXFileReference; fileEncoding = 4; lastKnownFileType = sourcecode.c.objc; path = "UIImage+IDNExtend.m"; sourceTree = "<group>"; };
		949994591B085ACE000FCB1C /* UIViewController+IDNPrompt.h */ = {isa = PBXFileReference; fileEncoding = 4; lastKnownFileType = sourcecode.c.h; path = "UIViewController+IDNPrompt.h"; sourceTree = "<group>"; };
		9499945A1B085ACE000FCB1C /* UIViewController+IDNPrompt.m */ = {isa = PBXFileReference; fileEncoding = 4; lastKnownFileType = sourcecode.c.objc; path = "UIViewController+IDNPrompt.m"; sourceTree = "<group>"; };
		949994661B0861A9000FCB1C /* WebViewController.h */ = {isa = PBXFileReference; fileEncoding = 4; lastKnownFileType = sourcecode.c.h; path = WebViewController.h; sourceTree = "<group>"; };
		949994671B0861A9000FCB1C /* WebViewController.m */ = {isa = PBXFileReference; fileEncoding = 4; lastKnownFileType = sourcecode.c.objc; path = WebViewController.m; sourceTree = "<group>"; };
		949994691B086D00000FCB1C /* IDNAsyncTask.h */ = {isa = PBXFileReference; fileEncoding = 4; lastKnownFileType = sourcecode.c.h; path = IDNAsyncTask.h; sourceTree = "<group>"; };
		9499946A1B086D00000FCB1C /* IDNAsyncTask.m */ = {isa = PBXFileReference; fileEncoding = 4; lastKnownFileType = sourcecode.c.objc; path = IDNAsyncTask.m; sourceTree = "<group>"; };
		94D267501B0824F100F696B3 /* IDNRssReader.app */ = {isa = PBXFileReference; explicitFileType = wrapper.application; includeInIndex = 0; path = IDNRssReader.app; sourceTree = BUILT_PRODUCTS_DIR; };
		94D267541B0824F100F696B3 /* Info.plist */ = {isa = PBXFileReference; lastKnownFileType = text.plist.xml; path = Info.plist; sourceTree = "<group>"; };
		94D267551B0824F100F696B3 /* main.m */ = {isa = PBXFileReference; lastKnownFileType = sourcecode.c.objc; path = main.m; sourceTree = "<group>"; };
		94D267571B0824F100F696B3 /* AppDelegate.h */ = {isa = PBXFileReference; lastKnownFileType = sourcecode.c.h; path = AppDelegate.h; sourceTree = "<group>"; };
		94D267581B0824F100F696B3 /* AppDelegate.m */ = {isa = PBXFileReference; lastKnownFileType = sourcecode.c.objc; path = AppDelegate.m; sourceTree = "<group>"; };
		94D267601B0824F100F696B3 /* Images.xcassets */ = {isa = PBXFileReference; lastKnownFileType = folder.assetcatalog; path = Images.xcassets; sourceTree = "<group>"; };
		94D267631B0824F100F696B3 /* Base */ = {isa = PBXFileReference; lastKnownFileType = file.xib; name = Base; path = Base.lproj/LaunchScreen.xib; sourceTree = "<group>"; };
		94D267691B0824F100F696B3 /* IDNRssReaderTests.xctest */ = {isa = PBXFileReference; explicitFileType = wrapper.cfbundle; includeInIndex = 0; path = IDNRssReaderTests.xctest; sourceTree = BUILT_PRODUCTS_DIR; };
		94D2676E1B0824F100F696B3 /* Info.plist */ = {isa = PBXFileReference; lastKnownFileType = text.plist.xml; path = Info.plist; sourceTree = "<group>"; };
		94D2676F1B0824F100F696B3 /* IDNRssReaderTests.m */ = {isa = PBXFileReference; lastKnownFileType = sourcecode.c.objc; path = IDNRssReaderTests.m; sourceTree = "<group>"; };
		94D2677A1B08259200F696B3 /* MWFeedInfo.h */ = {isa = PBXFileReference; fileEncoding = 4; lastKnownFileType = sourcecode.c.h; path = MWFeedInfo.h; sourceTree = "<group>"; };
		94D2677B1B08259200F696B3 /* MWFeedInfo.m */ = {isa = PBXFileReference; fileEncoding = 4; lastKnownFileType = sourcecode.c.objc; path = MWFeedInfo.m; sourceTree = "<group>"; };
		94D2677C1B08259200F696B3 /* MWFeedItem.h */ = {isa = PBXFileReference; fileEncoding = 4; lastKnownFileType = sourcecode.c.h; path = MWFeedItem.h; sourceTree = "<group>"; };
		94D2677D1B08259200F696B3 /* MWFeedItem.m */ = {isa = PBXFileReference; fileEncoding = 4; lastKnownFileType = sourcecode.c.objc; path = MWFeedItem.m; sourceTree = "<group>"; };
		94D2677E1B08259200F696B3 /* MWFeedParser.h */ = {isa = PBXFileReference; fileEncoding = 4; lastKnownFileType = sourcecode.c.h; path = MWFeedParser.h; sourceTree = "<group>"; };
		94D2677F1B08259200F696B3 /* MWFeedParser.m */ = {isa = PBXFileReference; fileEncoding = 4; lastKnownFileType = sourcecode.c.objc; path = MWFeedParser.m; sourceTree = "<group>"; };
		94D267801B08259200F696B3 /* MWFeedParser_Private.h */ = {isa = PBXFileReference; fileEncoding = 4; lastKnownFileType = sourcecode.c.h; path = MWFeedParser_Private.h; sourceTree = "<group>"; };
		94D267841B0825CF00F696B3 /* NSString+HTML.h */ = {isa = PBXFileReference; fileEncoding = 4; lastKnownFileType = sourcecode.c.h; path = "NSString+HTML.h"; sourceTree = "<group>"; };
		94D267851B0825CF00F696B3 /* NSString+HTML.m */ = {isa = PBXFileReference; fileEncoding = 4; lastKnownFileType = sourcecode.c.objc; path = "NSString+HTML.m"; sourceTree = "<group>"; };
		94D267861B0825CF00F696B3 /* NSDate+InternetDateTime.h */ = {isa = PBXFileReference; fileEncoding = 4; lastKnownFileType = sourcecode.c.h; path = "NSDate+InternetDateTime.h"; sourceTree = "<group>"; };
		94D267871B0825CF00F696B3 /* NSDate+InternetDateTime.m */ = {isa = PBXFileReference; fileEncoding = 4; lastKnownFileType = sourcecode.c.objc; path = "NSDate+InternetDateTime.m"; sourceTree = "<group>"; };
		94D2678A1B0825F200F696B3 /* GTMNSString+HTML.h */ = {isa = PBXFileReference; fileEncoding = 4; lastKnownFileType = sourcecode.c.h; path = "GTMNSString+HTML.h"; sourceTree = "<group>"; };
		94D2678B1B0825F200F696B3 /* GTMNSString+HTML.m */ = {isa = PBXFileReference; fileEncoding = 4; lastKnownFileType = sourcecode.c.objc; path = "GTMNSString+HTML.m"; sourceTree = "<group>"; };
		94D2D6401B11691100432BCC /* MyModels.h */ = {isa = PBXFileReference; fileEncoding = 4; lastKnownFileType = sourcecode.c.h; path = MyModels.h; sourceTree = "<group>"; };
		94D2D6411B11691100432BCC /* MyModels.m */ = {isa = PBXFileReference; fileEncoding = 4; lastKnownFileType = sourcecode.c.objc; path = MyModels.m; sourceTree = "<group>"; };
		94D2D6431B1169F000432BCC /* RssManage.h */ = {isa = PBXFileReference; fileEncoding = 4; lastKnownFileType = sourcecode.c.h; path = RssManage.h; sourceTree = "<group>"; };
		94D2D6441B1169F000432BCC /* RssManage.m */ = {isa = PBXFileReference; fileEncoding = 4; lastKnownFileType = sourcecode.c.objc; path = RssManage.m; sourceTree = "<group>"; };
		94D2D6461B11713600432BCC /* RSSsController.h */ = {isa = PBXFileReference; fileEncoding = 4; lastKnownFileType = sourcecode.c.h; path = RSSsController.h; sourceTree = "<group>"; };
		94D2D6471B11713600432BCC /* RSSsController.m */ = {isa = PBXFileReference; fileEncoding = 4; lastKnownFileType = sourcecode.c.objc; path = RSSsController.m; sourceTree = "<group>"; };
/* End PBXFileReference section */

/* Begin PBXFrameworksBuildPhase section */
		94D2674D1B0824F100F696B3 /* Frameworks */ = {
			isa = PBXFrameworksBuildPhase;
			buildActionMask = 2147483647;
			files = (
			);
			runOnlyForDeploymentPostprocessing = 0;
		};
		94D267661B0824F100F696B3 /* Frameworks */ = {
			isa = PBXFrameworksBuildPhase;
			buildActionMask = 2147483647;
			files = (
			);
			runOnlyForDeploymentPostprocessing = 0;
		};
/* End PBXFrameworksBuildPhase section */

/* Begin PBXGroup section */
		949994391B085AA3000FCB1C /* Controllers */ = {
			isa = PBXGroup;
			children = (
				9499943A1B085AA3000FCB1C /* ArticlesController.h */,
				9499943B1B085AA3000FCB1C /* ArticlesController.m */,
				949994661B0861A9000FCB1C /* WebViewController.h */,
				949994671B0861A9000FCB1C /* WebViewController.m */,
				94D2D6461B11713600432BCC /* RSSsController.h */,
				94D2D6471B11713600432BCC /* RSSsController.m */,
			);
			path = Controllers;
			sourceTree = "<group>";
		};
		9499943F1B085AA3000FCB1C /* Models */ = {
			isa = PBXGroup;
			children = (
				94D2D6401B11691100432BCC /* MyModels.h */,
				94D2D6411B11691100432BCC /* MyModels.m */,
				94D2D6431B1169F000432BCC /* RssManage.h */,
				94D2D6441B1169F000432BCC /* RssManage.m */,
			);
			path = Models;
			sourceTree = "<group>";
		};
		949994421B085ACD000FCB1C /* IDNFoundation */ = {
			isa = PBXGroup;
			children = (
				949994691B086D00000FCB1C /* IDNAsyncTask.h */,
				9499946A1B086D00000FCB1C /* IDNAsyncTask.m */,
				949994431B085ACD000FCB1C /* IDNFeedParser.h */,
				949994441B085ACD000FCB1C /* IDNFeedParser.m */,
				949994451B085ACD000FCB1C /* IDNFoundation.h */,
				949994461B085ACD000FCB1C /* NSData+IDNExtend.h */,
				949994471B085ACD000FCB1C /* NSData+IDNExtend.m */,
				949994481B085ACD000FCB1C /* NSDate+IDNExtend.h */,
				949994491B085ACD000FCB1C /* NSDate+IDNExtend.m */,
				9499944A1B085ACD000FCB1C /* NSFileManager+IDNExtend.h */,
				9499944B1B085ACE000FCB1C /* NSFileManager+IDNExtend.m */,
				9499944C1B085ACE000FCB1C /* NSPointerArray+IDNExtend.h */,
				9499944D1B085ACE000FCB1C /* NSPointerArray+IDNExtend.m */,
				9499944E1B085ACE000FCB1C /* NSString+IDNExtend.h */,
				9499944F1B085ACE000FCB1C /* NSString+IDNExtend.m */,
			);
			path = IDNFoundation;
			sourceTree = "<group>";
		};
		949994501B085ACE000FCB1C /* IDNKit */ = {
			isa = PBXGroup;
			children = (
				949994511B085ACE000FCB1C /* IDNImagePickerController.h */,
				949994521B085ACE000FCB1C /* IDNImagePickerController.m */,
				949994531B085ACE000FCB1C /* IDNRefreshControl.h */,
				949994541B085ACE000FCB1C /* IDNRefreshControl.m */,
				949994551B085ACE000FCB1C /* UIBezierPath+IDNExtend.h */,
				949994561B085ACE000FCB1C /* UIBezierPath+IDNExtend.m */,
				949994571B085ACE000FCB1C /* UIImage+IDNExtend.h */,
				949994581B085ACE000FCB1C /* UIImage+IDNExtend.m */,
				949994591B085ACE000FCB1C /* UIViewController+IDNPrompt.h */,
				9499945A1B085ACE000FCB1C /* UIViewController+IDNPrompt.m */,
			);
			path = IDNKit;
			sourceTree = "<group>";
		};
		94D267471B0824F100F696B3 = {
			isa = PBXGroup;
			children = (
				94D267521B0824F100F696B3 /* IDNRssReader */,
				94D2676C1B0824F100F696B3 /* IDNRssReaderTests */,
				94D267511B0824F100F696B3 /* Products */,
			);
			sourceTree = "<group>";
		};
		94D267511B0824F100F696B3 /* Products */ = {
			isa = PBXGroup;
			children = (
				94D267501B0824F100F696B3 /* IDNRssReader.app */,
				94D267691B0824F100F696B3 /* IDNRssReaderTests.xctest */,
			);
			name = Products;
			sourceTree = "<group>";
		};
		94D267521B0824F100F696B3 /* IDNRssReader */ = {
			isa = PBXGroup;
			children = (
				949994421B085ACD000FCB1C /* IDNFoundation */,
				949994501B085ACE000FCB1C /* IDNKit */,
				9499943F1B085AA3000FCB1C /* Models */,
				949994391B085AA3000FCB1C /* Controllers */,
				94D267791B08259200F696B3 /* MWFeedParser */,
				94D267571B0824F100F696B3 /* AppDelegate.h */,
				94D267581B0824F100F696B3 /* AppDelegate.m */,
				94D267601B0824F100F696B3 /* Images.xcassets */,
				94D267621B0824F100F696B3 /* LaunchScreen.xib */,
				94D267531B0824F100F696B3 /* Supporting Files */,
			);
			path = IDNRssReader;
			sourceTree = "<group>";
		};
		94D267531B0824F100F696B3 /* Supporting Files */ = {
			isa = PBXGroup;
			children = (
				94D267541B0824F100F696B3 /* Info.plist */,
				94D267551B0824F100F696B3 /* main.m */,
			);
			name = "Supporting Files";
			sourceTree = "<group>";
		};
		94D2676C1B0824F100F696B3 /* IDNRssReaderTests */ = {
			isa = PBXGroup;
			children = (
				94D2676F1B0824F100F696B3 /* IDNRssReaderTests.m */,
				94D2676D1B0824F100F696B3 /* Supporting Files */,
			);
			path = IDNRssReaderTests;
			sourceTree = "<group>";
		};
		94D2676D1B0824F100F696B3 /* Supporting Files */ = {
			isa = PBXGroup;
			children = (
				94D2676E1B0824F100F696B3 /* Info.plist */,
			);
			name = "Supporting Files";
			sourceTree = "<group>";
		};
		94D267791B08259200F696B3 /* MWFeedParser */ = {
			isa = PBXGroup;
			children = (
				94D2677A1B08259200F696B3 /* MWFeedInfo.h */,
				94D2677B1B08259200F696B3 /* MWFeedInfo.m */,
				94D2677C1B08259200F696B3 /* MWFeedItem.h */,
				94D2677D1B08259200F696B3 /* MWFeedItem.m */,
				94D2677E1B08259200F696B3 /* MWFeedParser.h */,
				94D2677F1B08259200F696B3 /* MWFeedParser.m */,
				94D267801B08259200F696B3 /* MWFeedParser_Private.h */,
				94D267841B0825CF00F696B3 /* NSString+HTML.h */,
				94D267851B0825CF00F696B3 /* NSString+HTML.m */,
				94D267861B0825CF00F696B3 /* NSDate+InternetDateTime.h */,
				94D267871B0825CF00F696B3 /* NSDate+InternetDateTime.m */,
				94D2678A1B0825F200F696B3 /* GTMNSString+HTML.h */,
				94D2678B1B0825F200F696B3 /* GTMNSString+HTML.m */,
			);
			path = MWFeedParser;
			sourceTree = "<group>";
		};
/* End PBXGroup section */

/* Begin PBXNativeTarget section */
		94D2674F1B0824F100F696B3 /* IDNRssReader */ = {
			isa = PBXNativeTarget;
			buildConfigurationList = 94D267731B0824F100F696B3 /* Build configuration list for PBXNativeTarget "IDNRssReader" */;
			buildPhases = (
				94D2674C1B0824F100F696B3 /* Sources */,
				94D2674D1B0824F100F696B3 /* Frameworks */,
				94D2674E1B0824F100F696B3 /* Resources */,
			);
			buildRules = (
			);
			dependencies = (
			);
			name = IDNRssReader;
			productName = IDNRssReader;
			productReference = 94D267501B0824F100F696B3 /* IDNRssReader.app */;
			productType = "com.apple.product-type.application";
		};
		94D267681B0824F100F696B3 /* IDNRssReaderTests */ = {
			isa = PBXNativeTarget;
			buildConfigurationList = 94D267761B0824F100F696B3 /* Build configuration list for PBXNativeTarget "IDNRssReaderTests" */;
			buildPhases = (
				94D267651B0824F100F696B3 /* Sources */,
				94D267661B0824F100F696B3 /* Frameworks */,
				94D267671B0824F100F696B3 /* Resources */,
			);
			buildRules = (
			);
			dependencies = (
				94D2676B1B0824F100F696B3 /* PBXTargetDependency */,
			);
			name = IDNRssReaderTests;
			productName = IDNRssReaderTests;
			productReference = 94D267691B0824F100F696B3 /* IDNRssReaderTests.xctest */;
			productType = "com.apple.product-type.bundle.unit-test";
		};
/* End PBXNativeTarget section */

/* Begin PBXProject section */
		94D267481B0824F100F696B3 /* Project object */ = {
			isa = PBXProject;
			attributes = {
				LastUpgradeCheck = 0630;
				ORGANIZATIONNAME = iosdev.net;
				TargetAttributes = {
					94D2674F1B0824F100F696B3 = {
						CreatedOnToolsVersion = 6.3.1;
					};
					94D267681B0824F100F696B3 = {
						CreatedOnToolsVersion = 6.3.1;
						TestTargetID = 94D2674F1B0824F100F696B3;
					};
				};
			};
			buildConfigurationList = 94D2674B1B0824F100F696B3 /* Build configuration list for PBXProject "IDNRssReader" */;
			compatibilityVersion = "Xcode 3.2";
			developmentRegion = English;
			hasScannedForEncodings = 0;
			knownRegions = (
				en,
				Base,
			);
			mainGroup = 94D267471B0824F100F696B3;
			productRefGroup = 94D267511B0824F100F696B3 /* Products */;
			projectDirPath = "";
			projectRoot = "";
			targets = (
				94D2674F1B0824F100F696B3 /* IDNRssReader */,
				94D267681B0824F100F696B3 /* IDNRssReaderTests */,
			);
		};
/* End PBXProject section */

/* Begin PBXResourcesBuildPhase section */
		94D2674E1B0824F100F696B3 /* Resources */ = {
			isa = PBXResourcesBuildPhase;
			buildActionMask = 2147483647;
			files = (
				94D267641B0824F100F696B3 /* LaunchScreen.xib in Resources */,
				94D267611B0824F100F696B3 /* Images.xcassets in Resources */,
			);
			runOnlyForDeploymentPostprocessing = 0;
		};
		94D267671B0824F100F696B3 /* Resources */ = {
			isa = PBXResourcesBuildPhase;
			buildActionMask = 2147483647;
			files = (
			);
			runOnlyForDeploymentPostprocessing = 0;
		};
/* End PBXResourcesBuildPhase section */

/* Begin PBXSourcesBuildPhase section */
		94D2674C1B0824F100F696B3 /* Sources */ = {
			isa = PBXSourcesBuildPhase;
			buildActionMask = 2147483647;
			files = (
				949994641B085ACE000FCB1C /* UIImage+IDNExtend.m in Sources */,
				949994681B0861A9000FCB1C /* WebViewController.m in Sources */,
				94D2D6421B11691100432BCC /* MyModels.m in Sources */,
				94D267591B0824F100F696B3 /* AppDelegate.m in Sources */,
				949994631B085ACE000FCB1C /* UIBezierPath+IDNExtend.m in Sources */,
				949994601B085ACE000FCB1C /* NSString+IDNExtend.m in Sources */,
				94D2678C1B0825F200F696B3 /* GTMNSString+HTML.m in Sources */,
				949994621B085ACE000FCB1C /* IDNRefreshControl.m in Sources */,
				9499945E1B085ACE000FCB1C /* NSFileManager+IDNExtend.m in Sources */,
				94D2D6481B11713600432BCC /* RSSsController.m in Sources */,
				9499945D1B085ACE000FCB1C /* NSDate+IDNExtend.m in Sources */,
				949994651B085ACE000FCB1C /* UIViewController+IDNPrompt.m in Sources */,
				949994611B085ACE000FCB1C /* IDNImagePickerController.m in Sources */,
				94D267831B08259200F696B3 /* MWFeedParser.m in Sources */,
				949994401B085AA3000FCB1C /* ArticlesController.m in Sources */,
				9499945B1B085ACE000FCB1C /* IDNFeedParser.m in Sources */,
				94D2D6451B1169F000432BCC /* RssManage.m in Sources */,
				94D267881B0825CF00F696B3 /* NSString+HTML.m in Sources */,
				94D267891B0825CF00F696B3 /* NSDate+InternetDateTime.m in Sources */,
				9499945C1B085ACE000FCB1C /* NSData+IDNExtend.m in Sources */,
				94D267821B08259200F696B3 /* MWFeedItem.m in Sources */,
				94D267561B0824F100F696B3 /* main.m in Sources */,
				9499946B1B086D00000FCB1C /* IDNAsyncTask.m in Sources */,
				9499945F1B085ACE000FCB1C /* NSPointerArray+IDNExtend.m in Sources */,
				94D267811B08259200F696B3 /* MWFeedInfo.m in Sources */,
			);
			runOnlyForDeploymentPostprocessing = 0;
		};
		94D267651B0824F100F696B3 /* Sources */ = {
			isa = PBXSourcesBuildPhase;
			buildActionMask = 2147483647;
			files = (
				94D267701B0824F100F696B3 /* IDNRssReaderTests.m in Sources */,
			);
			runOnlyForDeploymentPostprocessing = 0;
		};
/* End PBXSourcesBuildPhase section */

/* Begin PBXTargetDependency section */
		94D2676B1B0824F100F696B3 /* PBXTargetDependency */ = {
			isa = PBXTargetDependency;
			target = 94D2674F1B0824F100F696B3 /* IDNRssReader */;
			targetProxy = 94D2676A1B0824F100F696B3 /* PBXContainerItemProxy */;
		};
/* End PBXTargetDependency section */

/* Begin PBXVariantGroup section */
		94D267621B0824F100F696B3 /* LaunchScreen.xib */ = {
			isa = PBXVariantGroup;
			children = (
				94D267631B0824F100F696B3 /* Base */,
			);
			name = LaunchScreen.xib;
			sourceTree = "<group>";
		};
/* End PBXVariantGroup section */

/* Begin XCBuildConfiguration section */
		94D267711B0824F100F696B3 /* Debug */ = {
			isa = XCBuildConfiguration;
			buildSettings = {
				ALWAYS_SEARCH_USER_PATHS = NO;
				CLANG_CXX_LANGUAGE_STANDARD = "gnu++0x";
				CLANG_CXX_LIBRARY = "libc++";
				CLANG_ENABLE_MODULES = YES;
				CLANG_ENABLE_OBJC_ARC = YES;
				CLANG_WARN_BOOL_CONVERSION = YES;
				CLANG_WARN_CONSTANT_CONVERSION = YES;
				CLANG_WARN_DIRECT_OBJC_ISA_USAGE = YES_ERROR;
				CLANG_WARN_EMPTY_BODY = YES;
				CLANG_WARN_ENUM_CONVERSION = YES;
				CLANG_WARN_INT_CONVERSION = YES;
				CLANG_WARN_OBJC_ROOT_CLASS = YES_ERROR;
				CLANG_WARN_UNREACHABLE_CODE = YES;
				CLANG_WARN__DUPLICATE_METHOD_MATCH = YES;
				"CODE_SIGN_IDENTITY[sdk=iphoneos*]" = "iPhone Developer";
				COPY_PHASE_STRIP = NO;
				DEBUG_INFORMATION_FORMAT = "dwarf-with-dsym";
				ENABLE_STRICT_OBJC_MSGSEND = YES;
				GCC_C_LANGUAGE_STANDARD = gnu99;
				GCC_DYNAMIC_NO_PIC = NO;
				GCC_NO_COMMON_BLOCKS = YES;
				GCC_OPTIMIZATION_LEVEL = 0;
				GCC_PREPROCESSOR_DEFINITIONS = (
					"DEBUG=1",
					"$(inherited)",
				);
				GCC_SYMBOLS_PRIVATE_EXTERN = NO;
				GCC_WARN_64_TO_32_BIT_CONVERSION = YES;
				GCC_WARN_ABOUT_RETURN_TYPE = YES_ERROR;
				GCC_WARN_UNDECLARED_SELECTOR = YES;
				GCC_WARN_UNINITIALIZED_AUTOS = YES_AGGRESSIVE;
				GCC_WARN_UNUSED_FUNCTION = YES;
				GCC_WARN_UNUSED_VARIABLE = YES;
				IPHONEOS_DEPLOYMENT_TARGET = 8.3;
				MTL_ENABLE_DEBUG_INFO = YES;
				ONLY_ACTIVE_ARCH = YES;
				SDKROOT = iphoneos;
			};
			name = Debug;
		};
		94D267721B0824F100F696B3 /* Release */ = {
			isa = XCBuildConfiguration;
			buildSettings = {
				ALWAYS_SEARCH_USER_PATHS = NO;
				CLANG_CXX_LANGUAGE_STANDARD = "gnu++0x";
				CLANG_CXX_LIBRARY = "libc++";
				CLANG_ENABLE_MODULES = YES;
				CLANG_ENABLE_OBJC_ARC = YES;
				CLANG_WARN_BOOL_CONVERSION = YES;
				CLANG_WARN_CONSTANT_CONVERSION = YES;
				CLANG_WARN_DIRECT_OBJC_ISA_USAGE = YES_ERROR;
				CLANG_WARN_EMPTY_BODY = YES;
				CLANG_WARN_ENUM_CONVERSION = YES;
				CLANG_WARN_INT_CONVERSION = YES;
				CLANG_WARN_OBJC_ROOT_CLASS = YES_ERROR;
				CLANG_WARN_UNREACHABLE_CODE = YES;
				CLANG_WARN__DUPLICATE_METHOD_MATCH = YES;
				"CODE_SIGN_IDENTITY[sdk=iphoneos*]" = "iPhone Developer";
				COPY_PHASE_STRIP = NO;
				DEBUG_INFORMATION_FORMAT = "dwarf-with-dsym";
				ENABLE_NS_ASSERTIONS = NO;
				ENABLE_STRICT_OBJC_MSGSEND = YES;
				GCC_C_LANGUAGE_STANDARD = gnu99;
				GCC_NO_COMMON_BLOCKS = YES;
				GCC_WARN_64_TO_32_BIT_CONVERSION = YES;
				GCC_WARN_ABOUT_RETURN_TYPE = YES_ERROR;
				GCC_WARN_UNDECLARED_SELECTOR = YES;
				GCC_WARN_UNINITIALIZED_AUTOS = YES_AGGRESSIVE;
				GCC_WARN_UNUSED_FUNCTION = YES;
				GCC_WARN_UNUSED_VARIABLE = YES;
				IPHONEOS_DEPLOYMENT_TARGET = 8.3;
				MTL_ENABLE_DEBUG_INFO = NO;
				SDKROOT = iphoneos;
				VALIDATE_PRODUCT = YES;
			};
			name = Release;
		};
		94D267741B0824F100F696B3 /* Debug */ = {
			isa = XCBuildConfiguration;
			buildSettings = {
				ASSETCATALOG_COMPILER_APPICON_NAME = AppIcon;
				ASSETCATALOG_COMPILER_LAUNCHIMAGE_NAME = "LaunchImage-2";
				INFOPLIST_FILE = IDNRssReader/Info.plist;
				IPHONEOS_DEPLOYMENT_TARGET = 7.0;
				LD_RUNPATH_SEARCH_PATHS = "$(inherited) @executable_path/Frameworks";
				PRODUCT_NAME = "$(TARGET_NAME)";
			};
			name = Debug;
		};
		94D267751B0824F100F696B3 /* Release */ = {
			isa = XCBuildConfiguration;
			buildSettings = {
				ASSETCATALOG_COMPILER_APPICON_NAME = AppIcon;
				ASSETCATALOG_COMPILER_LAUNCHIMAGE_NAME = "LaunchImage-2";
				INFOPLIST_FILE = IDNRssReader/Info.plist;
				IPHONEOS_DEPLOYMENT_TARGET = 7.0;
				LD_RUNPATH_SEARCH_PATHS = "$(inherited) @executable_path/Frameworks";
				PRODUCT_NAME = "$(TARGET_NAME)";
			};
			name = Release;
		};
		94D267771B0824F100F696B3 /* Debug */ = {
			isa = XCBuildConfiguration;
			buildSettings = {
				BUNDLE_LOADER = "$(TEST_HOST)";
				FRAMEWORK_SEARCH_PATHS = (
					"$(SDKROOT)/Developer/Library/Frameworks",
					"$(inherited)",
				);
				GCC_PREPROCESSOR_DEFINITIONS = (
					"DEBUG=1",
					"$(inherited)",
				);
				INFOPLIST_FILE = IDNRssReaderTests/Info.plist;
				LD_RUNPATH_SEARCH_PATHS = "$(inherited) @executable_path/Frameworks @loader_path/Frameworks";
				PRODUCT_NAME = "$(TARGET_NAME)";
				TEST_HOST = "$(BUILT_PRODUCTS_DIR)/IDNRssReader.app/IDNRssReader";
			};
			name = Debug;
		};
		94D267781B0824F100F696B3 /* Release */ = {
			isa = XCBuildConfiguration;
			buildSettings = {
				BUNDLE_LOADER = "$(TEST_HOST)";
				FRAMEWORK_SEARCH_PATHS = (
					"$(SDKROOT)/Developer/Library/Frameworks",
					"$(inherited)",
				);
				INFOPLIST_FILE = IDNRssReaderTests/Info.plist;
				LD_RUNPATH_SEARCH_PATHS = "$(inherited) @executable_path/Frameworks @loader_path/Frameworks";
				PRODUCT_NAME = "$(TARGET_NAME)";
				TEST_HOST = "$(BUILT_PRODUCTS_DIR)/IDNRssReader.app/IDNRssReader";
			};
			name = Release;
		};
/* End XCBuildConfiguration section */

/* Begin XCConfigurationList section */
		94D2674B1B0824F100F696B3 /* Build configuration list for PBXProject "IDNRssReader" */ = {
			isa = XCConfigurationList;
			buildConfigurations = (
				94D267711B0824F100F696B3 /* Debug */,
				94D267721B0824F100F696B3 /* Release */,
			);
			defaultConfigurationIsVisible = 0;
			defaultConfigurationName = Release;
		};
		94D267731B0824F100F696B3 /* Build configuration list for PBXNativeTarget "IDNRssReader" */ = {
			isa = XCConfigurationList;
			buildConfigurations = (
				94D267741B0824F100F696B3 /* Debug */,
				94D267751B0824F100F696B3 /* Release */,
			);
			defaultConfigurationIsVisible = 0;
			defaultConfigurationName = Release;
		};
		94D267761B0824F100F696B3 /* Build configuration list for PBXNativeTarget "IDNRssReaderTests" */ = {
			isa = XCConfigurationList;
			buildConfigurations = (
				94D267771B0824F100F696B3 /* Debug */,
				94D267781B0824F100F696B3 /* Release */,
			);
			defaultConfigurationIsVisible = 0;
			defaultConfigurationName = Release;
		};
/* End XCConfigurationList section */
	};
	rootObject = 94D267481B0824F100F696B3 /* Project object */;
}
